// !$*UTF8*$!
{
	archiveVersion = 1;
	classes = {
	};
	objectVersion = 46;
	objects = {

/* Begin PBXBuildFile section */
		1D07C0D91E9251F900E85CAF /* Calibri.ttf in Resources */ = {isa = PBXBuildFile; fileRef = 1D07C0D21E9251F900E85CAF /* Calibri.ttf */; };
		1D07C0DA1E9251F900E85CAF /* camera.png in Resources */ = {isa = PBXBuildFile; fileRef = 1D07C0D41E9251F900E85CAF /* camera.png */; };
		1D07C0DB1E9251F900E85CAF /* drawing.png in Resources */ = {isa = PBXBuildFile; fileRef = 1D07C0D51E9251F900E85CAF /* drawing.png */; };
		1D07C0DC1E9251F900E85CAF /* list.png in Resources */ = {isa = PBXBuildFile; fileRef = 1D07C0D61E9251F900E85CAF /* list.png */; };
		1D24062D1EA63787002CE71B /* alignCenter.png in Resources */ = {isa = PBXBuildFile; fileRef = 1D24062C1EA63787002CE71B /* alignCenter.png */; };
		1D24063A1EA74A0C002CE71B /* alignRight.png in Resources */ = {isa = PBXBuildFile; fileRef = 1D2406371EA74A0C002CE71B /* alignRight.png */; };
		1D24063C1EA74A0C002CE71B /* alignLeft.png in Resources */ = {isa = PBXBuildFile; fileRef = 1D2406391EA74A0C002CE71B /* alignLeft.png */; };
		1D2406421EA76C27002CE71B /* TagsParser.m in Sources */ = {isa = PBXBuildFile; fileRef = 1D2406411EA76C27002CE71B /* TagsParser.m */; };
		1D2406451EA76E04002CE71B /* ExpandingButton.m in Sources */ = {isa = PBXBuildFile; fileRef = 1D2406441EA76E04002CE71B /* ExpandingButton.m */; };
		1D352FC61E9F9FC500F0C7A0 /* DatePickerViewController.m in Sources */ = {isa = PBXBuildFile; fileRef = 1D352FC41E9F9FC500F0C7A0 /* DatePickerViewController.m */; };
		1D352FC71E9F9FC500F0C7A0 /* DatePickerViewController.xib in Resources */ = {isa = PBXBuildFile; fileRef = 1D352FC51E9F9FC500F0C7A0 /* DatePickerViewController.xib */; };
		1D4056041E8D1E5000E18D05 /* NoteCreationController.m in Sources */ = {isa = PBXBuildFile; fileRef = 1D4056021E8D1E5000E18D05 /* NoteCreationController.m */; };
		1D4056051E8D1E5000E18D05 /* NoteCreationController.xib in Resources */ = {isa = PBXBuildFile; fileRef = 1D4056031E8D1E5000E18D05 /* NoteCreationController.xib */; };
		1D4056081E8D360600E18D05 /* Note.m in Sources */ = {isa = PBXBuildFile; fileRef = 1D4056071E8D360600E18D05 /* Note.m */; };
		1D9EF87D1E94EF7700B35777 /* index.html in Resources */ = {isa = PBXBuildFile; fileRef = 1D9EF87C1E94EF7700B35777 /* index.html */; };
		1D9EF8B41E96393A00B35777 /* LocalNoteManager.m in Sources */ = {isa = PBXBuildFile; fileRef = 1D9EF8B31E96393A00B35777 /* LocalNoteManager.m */; };
		1DF73B371EAF4758003BA617 /* DropboxNoteManager.m in Sources */ = {isa = PBXBuildFile; fileRef = 1DF73B361EAF4758003BA617 /* DropboxNoteManager.m */; };
		7A334BAE5E3F0F0DE237C408 /* Pods_NotesUITests.framework in Frameworks */ = {isa = PBXBuildFile; fileRef = 85D474273E9B153130731FA7 /* Pods_NotesUITests.framework */; };
		9B4EE64C95EE8AC86CF63B38 /* Pods_Notes.framework in Frameworks */ = {isa = PBXBuildFile; fileRef = DB8C97C0694A1D8551FD3C56 /* Pods_Notes.framework */; };
		B506D9C91E8E3CBB00555F1D /* LayoutProvider.m in Sources */ = {isa = PBXBuildFile; fileRef = B506D9C81E8E3CBB00555F1D /* LayoutProvider.m */; };
		B526CB591E939E4C00FF4FA8 /* LeftPanelViewController.m in Sources */ = {isa = PBXBuildFile; fileRef = B526CB571E939E4C00FF4FA8 /* LeftPanelViewController.m */; };
		B526CB5A1E939E4C00FF4FA8 /* LeftPanelViewController.xib in Resources */ = {isa = PBXBuildFile; fileRef = B526CB581E939E4C00FF4FA8 /* LeftPanelViewController.xib */; };
		B534C4531E8D433300AD25F6 /* TableViewCell.m in Sources */ = {isa = PBXBuildFile; fileRef = B534C4511E8D433300AD25F6 /* TableViewCell.m */; };
		B534C4541E8D433300AD25F6 /* TableViewCell.xib in Resources */ = {isa = PBXBuildFile; fileRef = B534C4521E8D433300AD25F6 /* TableViewCell.xib */; };
		B580EF481EA755CD0097C69D /* check.png in Resources */ = {isa = PBXBuildFile; fileRef = B580EF471EA755CD0097C69D /* check.png */; };
		B5A4A29C1EA6119500F7EC9D /* NotebookCell.m in Sources */ = {isa = PBXBuildFile; fileRef = B5A4A29A1EA6119500F7EC9D /* NotebookCell.m */; };
		B5A4A29D1EA6119500F7EC9D /* NotebookCell.xib in Resources */ = {isa = PBXBuildFile; fileRef = B5A4A29B1EA6119500F7EC9D /* NotebookCell.xib */; };
		B5A4A2A91EA648C800F7EC9D /* bin.png in Resources */ = {isa = PBXBuildFile; fileRef = B5A4A2A81EA648C800F7EC9D /* bin.png */; };
		B5A4A2AB1EA6493100F7EC9D /* edit.png in Resources */ = {isa = PBXBuildFile; fileRef = B5A4A2AA1EA6493100F7EC9D /* edit.png */; };
		B5A4A2AD1EA64B0C00F7EC9D /* close.png in Resources */ = {isa = PBXBuildFile; fileRef = B5A4A2AC1EA64B0C00F7EC9D /* close.png */; };
		B5A4A2B11EA64DBF00F7EC9D /* EditableNotebookCell.m in Sources */ = {isa = PBXBuildFile; fileRef = B5A4A2AF1EA64DBF00F7EC9D /* EditableNotebookCell.m */; };
		B5A4A2B21EA64DBF00F7EC9D /* EditableNotebookCell.xib in Resources */ = {isa = PBXBuildFile; fileRef = B5A4A2B01EA64DBF00F7EC9D /* EditableNotebookCell.xib */; };
		B5B8FB601E93C35200A82813 /* Notebook.m in Sources */ = {isa = PBXBuildFile; fileRef = B5B8FB5F1E93C35200A82813 /* Notebook.m */; };
		B5B8FB6D1E94D81D00A82813 /* DateTimeManager.m in Sources */ = {isa = PBXBuildFile; fileRef = B5B8FB6C1E94D81D00A82813 /* DateTimeManager.m */; };
		B5E3AD2C1EAF838C00552687 /* NoteManager.m in Sources */ = {isa = PBXBuildFile; fileRef = B5E3AD2B1EAF838C00552687 /* NoteManager.m */; };
		B5E3AD2F1EAF869900552687 /* Reachability.m in Sources */ = {isa = PBXBuildFile; fileRef = B5E3AD2E1EAF869900552687 /* Reachability.m */; };
		B5E8ABDD1E96580900964B3C /* TableViewDataModel.m in Sources */ = {isa = PBXBuildFile; fileRef = B5E8ABDC1E96580900964B3C /* TableViewDataModel.m */; };
		B5E8ABE11E966BA600964B3C /* DrawingViewController.m in Sources */ = {isa = PBXBuildFile; fileRef = B5E8ABDF1E966BA600964B3C /* DrawingViewController.m */; };
		B5E8ABE21E966BA600964B3C /* DrawingViewController.xib in Resources */ = {isa = PBXBuildFile; fileRef = B5E8ABE01E966BA600964B3C /* DrawingViewController.xib */; };
		B5E8ABEA1E967F0600964B3C /* eraser.png in Resources */ = {isa = PBXBuildFile; fileRef = B5E8ABE91E967F0600964B3C /* eraser.png */; };
		B5E8ABEC1E96814100964B3C /* pen.png in Resources */ = {isa = PBXBuildFile; fileRef = B5E8ABEB1E96814100964B3C /* pen.png */; };
		B5E8ABEE1E96824200964B3C /* colorPicker.png in Resources */ = {isa = PBXBuildFile; fileRef = B5E8ABED1E96824200964B3C /* colorPicker.png */; };
		B5E8ABF01E97B1F600964B3C /* settings.png in Resources */ = {isa = PBXBuildFile; fileRef = B5E8ABEF1E97B1F600964B3C /* settings.png */; };
		B5E8AC3E1E9B9FDE00964B3C /* ThemeManager.m in Sources */ = {isa = PBXBuildFile; fileRef = B5E8AC3D1E9B9FDE00964B3C /* ThemeManager.m */; };
		B5E8AC471E9CC41700964B3C /* SettingsPanelViewController.m in Sources */ = {isa = PBXBuildFile; fileRef = B5E8AC451E9CC41700964B3C /* SettingsPanelViewController.m */; };
		B5E8AC481E9CC41700964B3C /* SettingsPanelViewController.xib in Resources */ = {isa = PBXBuildFile; fileRef = B5E8AC461E9CC41700964B3C /* SettingsPanelViewController.xib */; };
		B5E8AC5C1E9E63B000964B3C /* image.png in Resources */ = {isa = PBXBuildFile; fileRef = B5E8AC5B1E9E63B000964B3C /* image.png */; };
		B5EFB34C1E8CFFD80024C211 /* main.m in Sources */ = {isa = PBXBuildFile; fileRef = B5EFB34B1E8CFFD80024C211 /* main.m */; };
		B5EFB34F1E8CFFD80024C211 /* AppDelegate.m in Sources */ = {isa = PBXBuildFile; fileRef = B5EFB34E1E8CFFD80024C211 /* AppDelegate.m */; };
		B5EFB3521E8CFFD80024C211 /* ViewController.m in Sources */ = {isa = PBXBuildFile; fileRef = B5EFB3511E8CFFD80024C211 /* ViewController.m */; };
		B5EFB3571E8CFFD80024C211 /* Assets.xcassets in Resources */ = {isa = PBXBuildFile; fileRef = B5EFB3561E8CFFD80024C211 /* Assets.xcassets */; };
		B5EFB35A1E8CFFD80024C211 /* LaunchScreen.storyboard in Resources */ = {isa = PBXBuildFile; fileRef = B5EFB3581E8CFFD80024C211 /* LaunchScreen.storyboard */; };
		B5EFB3651E8CFFD80024C211 /* NotesTests.m in Sources */ = {isa = PBXBuildFile; fileRef = B5EFB3641E8CFFD80024C211 /* NotesTests.m */; };
		B5EFB3701E8CFFD80024C211 /* NotesUITests.m in Sources */ = {isa = PBXBuildFile; fileRef = B5EFB36F1E8CFFD80024C211 /* NotesUITests.m */; };
		B5EFB37E1E8D006F0024C211 /* ViewController.xib in Resources */ = {isa = PBXBuildFile; fileRef = B5EFB37D1E8D006F0024C211 /* ViewController.xib */; };
		B5F0A5C31EAA1A4000437525 /* reminder.png in Resources */ = {isa = PBXBuildFile; fileRef = B5F0A5C21EAA1A4000437525 /* reminder.png */; };
		B5F0A5C51EADE7A300437525 /* sync.png in Resources */ = {isa = PBXBuildFile; fileRef = B5F0A5C41EADE7A300437525 /* sync.png */; };
		DB3D32BCA09A92C149DA27B8 /* Pods_NotesTests.framework in Frameworks */ = {isa = PBXBuildFile; fileRef = 40CB34B4BF2772254DB07A72 /* Pods_NotesTests.framework */; };
/* End PBXBuildFile section */

/* Begin PBXContainerItemProxy section */
		B5EFB3611E8CFFD80024C211 /* PBXContainerItemProxy */ = {
			isa = PBXContainerItemProxy;
			containerPortal = B5EFB33F1E8CFFD80024C211 /* Project object */;
			proxyType = 1;
			remoteGlobalIDString = B5EFB3461E8CFFD80024C211;
			remoteInfo = Notes;
		};
		B5EFB36C1E8CFFD80024C211 /* PBXContainerItemProxy */ = {
			isa = PBXContainerItemProxy;
			containerPortal = B5EFB33F1E8CFFD80024C211 /* Project object */;
			proxyType = 1;
			remoteGlobalIDString = B5EFB3461E8CFFD80024C211;
			remoteInfo = Notes;
		};
/* End PBXContainerItemProxy section */

/* Begin PBXFileReference section */
		1D07C0D21E9251F900E85CAF /* Calibri.ttf */ = {isa = PBXFileReference; lastKnownFileType = file; path = Calibri.ttf; sourceTree = "<group>"; };
		1D07C0D41E9251F900E85CAF /* camera.png */ = {isa = PBXFileReference; lastKnownFileType = image.png; path = camera.png; sourceTree = "<group>"; };
		1D07C0D51E9251F900E85CAF /* drawing.png */ = {isa = PBXFileReference; lastKnownFileType = image.png; path = drawing.png; sourceTree = "<group>"; };
		1D07C0D61E9251F900E85CAF /* list.png */ = {isa = PBXFileReference; lastKnownFileType = image.png; path = list.png; sourceTree = "<group>"; };
		1D24062C1EA63787002CE71B /* alignCenter.png */ = {isa = PBXFileReference; lastKnownFileType = image.png; path = alignCenter.png; sourceTree = "<group>"; };
		1D2406351EA66981002CE71B /* AssetsLibrary.framework */ = {isa = PBXFileReference; lastKnownFileType = wrapper.framework; name = AssetsLibrary.framework; path = System/Library/Frameworks/AssetsLibrary.framework; sourceTree = SDKROOT; };
		1D2406371EA74A0C002CE71B /* alignRight.png */ = {isa = PBXFileReference; lastKnownFileType = image.png; path = alignRight.png; sourceTree = "<group>"; };
		1D2406391EA74A0C002CE71B /* alignLeft.png */ = {isa = PBXFileReference; lastKnownFileType = image.png; path = alignLeft.png; sourceTree = "<group>"; };
		1D2406401EA76C27002CE71B /* TagsParser.h */ = {isa = PBXFileReference; fileEncoding = 4; lastKnownFileType = sourcecode.c.h; path = TagsParser.h; sourceTree = "<group>"; };
		1D2406411EA76C27002CE71B /* TagsParser.m */ = {isa = PBXFileReference; fileEncoding = 4; lastKnownFileType = sourcecode.c.objc; path = TagsParser.m; sourceTree = "<group>"; };
		1D2406431EA76E04002CE71B /* ExpandingButton.h */ = {isa = PBXFileReference; fileEncoding = 4; lastKnownFileType = sourcecode.c.h; path = ExpandingButton.h; sourceTree = "<group>"; };
		1D2406441EA76E04002CE71B /* ExpandingButton.m */ = {isa = PBXFileReference; fileEncoding = 4; lastKnownFileType = sourcecode.c.objc; path = ExpandingButton.m; sourceTree = "<group>"; };
		1D352FC31E9F9FC500F0C7A0 /* DatePickerViewController.h */ = {isa = PBXFileReference; fileEncoding = 4; lastKnownFileType = sourcecode.c.h; path = DatePickerViewController.h; sourceTree = "<group>"; };
		1D352FC41E9F9FC500F0C7A0 /* DatePickerViewController.m */ = {isa = PBXFileReference; fileEncoding = 4; lastKnownFileType = sourcecode.c.objc; path = DatePickerViewController.m; sourceTree = "<group>"; };
		1D352FC51E9F9FC500F0C7A0 /* DatePickerViewController.xib */ = {isa = PBXFileReference; fileEncoding = 4; lastKnownFileType = file.xib; path = DatePickerViewController.xib; sourceTree = "<group>"; };
		1D4056011E8D1E5000E18D05 /* NoteCreationController.h */ = {isa = PBXFileReference; fileEncoding = 4; lastKnownFileType = sourcecode.c.h; path = NoteCreationController.h; sourceTree = "<group>"; };
		1D4056021E8D1E5000E18D05 /* NoteCreationController.m */ = {isa = PBXFileReference; fileEncoding = 4; lastKnownFileType = sourcecode.c.objc; path = NoteCreationController.m; sourceTree = "<group>"; };
		1D4056031E8D1E5000E18D05 /* NoteCreationController.xib */ = {isa = PBXFileReference; fileEncoding = 4; lastKnownFileType = file.xib; path = NoteCreationController.xib; sourceTree = "<group>"; };
		1D4056061E8D360600E18D05 /* Note.h */ = {isa = PBXFileReference; fileEncoding = 4; lastKnownFileType = sourcecode.c.h; path = Note.h; sourceTree = "<group>"; };
		1D4056071E8D360600E18D05 /* Note.m */ = {isa = PBXFileReference; fileEncoding = 4; lastKnownFileType = sourcecode.c.objc; path = Note.m; sourceTree = "<group>"; };
		1D9EF87C1E94EF7700B35777 /* index.html */ = {isa = PBXFileReference; fileEncoding = 4; lastKnownFileType = text.html; path = index.html; sourceTree = "<group>"; };
		1D9EF8B11E96322100B35777 /* Protocols.h */ = {isa = PBXFileReference; lastKnownFileType = sourcecode.c.h; path = Protocols.h; sourceTree = "<group>"; };
		1D9EF8B21E96393A00B35777 /* LocalNoteManager.h */ = {isa = PBXFileReference; fileEncoding = 4; lastKnownFileType = sourcecode.c.h; path = LocalNoteManager.h; sourceTree = "<group>"; };
		1D9EF8B31E96393A00B35777 /* LocalNoteManager.m */ = {isa = PBXFileReference; fileEncoding = 4; lastKnownFileType = sourcecode.c.objc; path = LocalNoteManager.m; sourceTree = "<group>"; };
		1DF73B351EAF4758003BA617 /* DropboxNoteManager.h */ = {isa = PBXFileReference; fileEncoding = 4; lastKnownFileType = sourcecode.c.h; path = DropboxNoteManager.h; sourceTree = "<group>"; };
		1DF73B361EAF4758003BA617 /* DropboxNoteManager.m */ = {isa = PBXFileReference; fileEncoding = 4; lastKnownFileType = sourcecode.c.objc; path = DropboxNoteManager.m; sourceTree = "<group>"; };
		3EB4422557EF9BF2C9285998 /* Pods-Notes.debug.xcconfig */ = {isa = PBXFileReference; includeInIndex = 1; lastKnownFileType = text.xcconfig; name = "Pods-Notes.debug.xcconfig"; path = "Pods/Target Support Files/Pods-Notes/Pods-Notes.debug.xcconfig"; sourceTree = "<group>"; };
		40CB34B4BF2772254DB07A72 /* Pods_NotesTests.framework */ = {isa = PBXFileReference; explicitFileType = wrapper.framework; includeInIndex = 0; path = Pods_NotesTests.framework; sourceTree = BUILT_PRODUCTS_DIR; };
		46D53A92F2F4EEA83DF6BFE5 /* Pods-Notes.release.xcconfig */ = {isa = PBXFileReference; includeInIndex = 1; lastKnownFileType = text.xcconfig; name = "Pods-Notes.release.xcconfig"; path = "Pods/Target Support Files/Pods-Notes/Pods-Notes.release.xcconfig"; sourceTree = "<group>"; };
		7A5BAE256A58E7DC4770F064 /* Pods-NotesUITests.release.xcconfig */ = {isa = PBXFileReference; includeInIndex = 1; lastKnownFileType = text.xcconfig; name = "Pods-NotesUITests.release.xcconfig"; path = "Pods/Target Support Files/Pods-NotesUITests/Pods-NotesUITests.release.xcconfig"; sourceTree = "<group>"; };
		85D474273E9B153130731FA7 /* Pods_NotesUITests.framework */ = {isa = PBXFileReference; explicitFileType = wrapper.framework; includeInIndex = 0; path = Pods_NotesUITests.framework; sourceTree = BUILT_PRODUCTS_DIR; };
		9800D9A55FA7D72066F56667 /* Pods-NotesUITests.debug.xcconfig */ = {isa = PBXFileReference; includeInIndex = 1; lastKnownFileType = text.xcconfig; name = "Pods-NotesUITests.debug.xcconfig"; path = "Pods/Target Support Files/Pods-NotesUITests/Pods-NotesUITests.debug.xcconfig"; sourceTree = "<group>"; };
		A7FEA3C096135EBCC024D15D /* Pods-NotesTests.release.xcconfig */ = {isa = PBXFileReference; includeInIndex = 1; lastKnownFileType = text.xcconfig; name = "Pods-NotesTests.release.xcconfig"; path = "Pods/Target Support Files/Pods-NotesTests/Pods-NotesTests.release.xcconfig"; sourceTree = "<group>"; };
		B506D9C71E8E3CBB00555F1D /* LayoutProvider.h */ = {isa = PBXFileReference; fileEncoding = 4; lastKnownFileType = sourcecode.c.h; path = LayoutProvider.h; sourceTree = "<group>"; };
		B506D9C81E8E3CBB00555F1D /* LayoutProvider.m */ = {isa = PBXFileReference; fileEncoding = 4; lastKnownFileType = sourcecode.c.objc; path = LayoutProvider.m; sourceTree = "<group>"; };
		B526CB561E939E4C00FF4FA8 /* LeftPanelViewController.h */ = {isa = PBXFileReference; fileEncoding = 4; lastKnownFileType = sourcecode.c.h; path = LeftPanelViewController.h; sourceTree = "<group>"; };
		B526CB571E939E4C00FF4FA8 /* LeftPanelViewController.m */ = {isa = PBXFileReference; fileEncoding = 4; lastKnownFileType = sourcecode.c.objc; path = LeftPanelViewController.m; sourceTree = "<group>"; };
		B526CB581E939E4C00FF4FA8 /* LeftPanelViewController.xib */ = {isa = PBXFileReference; fileEncoding = 4; lastKnownFileType = file.xib; path = LeftPanelViewController.xib; sourceTree = "<group>"; };
		B534C44D1E8D397700AD25F6 /* Defines.h */ = {isa = PBXFileReference; lastKnownFileType = sourcecode.c.h; path = Defines.h; sourceTree = "<group>"; };
		B534C4501E8D433300AD25F6 /* TableViewCell.h */ = {isa = PBXFileReference; fileEncoding = 4; lastKnownFileType = sourcecode.c.h; path = TableViewCell.h; sourceTree = "<group>"; };
		B534C4511E8D433300AD25F6 /* TableViewCell.m */ = {isa = PBXFileReference; fileEncoding = 4; lastKnownFileType = sourcecode.c.objc; path = TableViewCell.m; sourceTree = "<group>"; };
		B534C4521E8D433300AD25F6 /* TableViewCell.xib */ = {isa = PBXFileReference; fileEncoding = 4; lastKnownFileType = file.xib; path = TableViewCell.xib; sourceTree = "<group>"; };
		B580EF471EA755CD0097C69D /* check.png */ = {isa = PBXFileReference; lastKnownFileType = image.png; path = check.png; sourceTree = "<group>"; };
		B5A4A2991EA6119500F7EC9D /* NotebookCell.h */ = {isa = PBXFileReference; fileEncoding = 4; lastKnownFileType = sourcecode.c.h; path = NotebookCell.h; sourceTree = "<group>"; };
		B5A4A29A1EA6119500F7EC9D /* NotebookCell.m */ = {isa = PBXFileReference; fileEncoding = 4; lastKnownFileType = sourcecode.c.objc; path = NotebookCell.m; sourceTree = "<group>"; };
		B5A4A29B1EA6119500F7EC9D /* NotebookCell.xib */ = {isa = PBXFileReference; fileEncoding = 4; lastKnownFileType = file.xib; path = NotebookCell.xib; sourceTree = "<group>"; };
		B5A4A2A81EA648C800F7EC9D /* bin.png */ = {isa = PBXFileReference; lastKnownFileType = image.png; path = bin.png; sourceTree = "<group>"; };
		B5A4A2AA1EA6493100F7EC9D /* edit.png */ = {isa = PBXFileReference; lastKnownFileType = image.png; path = edit.png; sourceTree = "<group>"; };
		B5A4A2AC1EA64B0C00F7EC9D /* close.png */ = {isa = PBXFileReference; lastKnownFileType = image.png; path = close.png; sourceTree = "<group>"; };
		B5A4A2AE1EA64DBF00F7EC9D /* EditableNotebookCell.h */ = {isa = PBXFileReference; fileEncoding = 4; lastKnownFileType = sourcecode.c.h; path = EditableNotebookCell.h; sourceTree = "<group>"; };
		B5A4A2AF1EA64DBF00F7EC9D /* EditableNotebookCell.m */ = {isa = PBXFileReference; fileEncoding = 4; lastKnownFileType = sourcecode.c.objc; path = EditableNotebookCell.m; sourceTree = "<group>"; };
		B5A4A2B01EA64DBF00F7EC9D /* EditableNotebookCell.xib */ = {isa = PBXFileReference; fileEncoding = 4; lastKnownFileType = file.xib; path = EditableNotebookCell.xib; sourceTree = "<group>"; };
		B5B8FB5E1E93C35200A82813 /* Notebook.h */ = {isa = PBXFileReference; fileEncoding = 4; lastKnownFileType = sourcecode.c.h; path = Notebook.h; sourceTree = "<group>"; };
		B5B8FB5F1E93C35200A82813 /* Notebook.m */ = {isa = PBXFileReference; fileEncoding = 4; lastKnownFileType = sourcecode.c.objc; path = Notebook.m; sourceTree = "<group>"; };
		B5B8FB6B1E94D81D00A82813 /* DateTimeManager.h */ = {isa = PBXFileReference; fileEncoding = 4; lastKnownFileType = sourcecode.c.h; path = DateTimeManager.h; sourceTree = "<group>"; };
		B5B8FB6C1E94D81D00A82813 /* DateTimeManager.m */ = {isa = PBXFileReference; fileEncoding = 4; lastKnownFileType = sourcecode.c.objc; path = DateTimeManager.m; sourceTree = "<group>"; };
		B5E3AD2A1EAF838C00552687 /* NoteManager.h */ = {isa = PBXFileReference; fileEncoding = 4; lastKnownFileType = sourcecode.c.h; path = NoteManager.h; sourceTree = "<group>"; };
		B5E3AD2B1EAF838C00552687 /* NoteManager.m */ = {isa = PBXFileReference; fileEncoding = 4; lastKnownFileType = sourcecode.c.objc; path = NoteManager.m; sourceTree = "<group>"; };
		B5E3AD2D1EAF869900552687 /* Reachability.h */ = {isa = PBXFileReference; fileEncoding = 4; lastKnownFileType = sourcecode.c.h; path = Reachability.h; sourceTree = "<group>"; };
		B5E3AD2E1EAF869900552687 /* Reachability.m */ = {isa = PBXFileReference; fileEncoding = 4; lastKnownFileType = sourcecode.c.objc; path = Reachability.m; sourceTree = "<group>"; };
		B5E8ABDB1E96580900964B3C /* TableViewDataModel.h */ = {isa = PBXFileReference; fileEncoding = 4; lastKnownFileType = sourcecode.c.h; path = TableViewDataModel.h; sourceTree = "<group>"; };
		B5E8ABDC1E96580900964B3C /* TableViewDataModel.m */ = {isa = PBXFileReference; fileEncoding = 4; lastKnownFileType = sourcecode.c.objc; path = TableViewDataModel.m; sourceTree = "<group>"; };
		B5E8ABDE1E966BA600964B3C /* DrawingViewController.h */ = {isa = PBXFileReference; fileEncoding = 4; lastKnownFileType = sourcecode.c.h; path = DrawingViewController.h; sourceTree = "<group>"; };
		B5E8ABDF1E966BA600964B3C /* DrawingViewController.m */ = {isa = PBXFileReference; fileEncoding = 4; lastKnownFileType = sourcecode.c.objc; path = DrawingViewController.m; sourceTree = "<group>"; };
		B5E8ABE01E966BA600964B3C /* DrawingViewController.xib */ = {isa = PBXFileReference; fileEncoding = 4; lastKnownFileType = file.xib; path = DrawingViewController.xib; sourceTree = "<group>"; };
		B5E8ABE91E967F0600964B3C /* eraser.png */ = {isa = PBXFileReference; lastKnownFileType = image.png; path = eraser.png; sourceTree = "<group>"; };
		B5E8ABEB1E96814100964B3C /* pen.png */ = {isa = PBXFileReference; lastKnownFileType = image.png; path = pen.png; sourceTree = "<group>"; };
		B5E8ABED1E96824200964B3C /* colorPicker.png */ = {isa = PBXFileReference; lastKnownFileType = image.png; path = colorPicker.png; sourceTree = "<group>"; };
		B5E8ABEF1E97B1F600964B3C /* settings.png */ = {isa = PBXFileReference; lastKnownFileType = image.png; path = settings.png; sourceTree = "<group>"; };
		B5E8AC3C1E9B9FDE00964B3C /* ThemeManager.h */ = {isa = PBXFileReference; fileEncoding = 4; lastKnownFileType = sourcecode.c.h; path = ThemeManager.h; sourceTree = "<group>"; };
		B5E8AC3D1E9B9FDE00964B3C /* ThemeManager.m */ = {isa = PBXFileReference; fileEncoding = 4; lastKnownFileType = sourcecode.c.objc; path = ThemeManager.m; sourceTree = "<group>"; };
		B5E8AC441E9CC41700964B3C /* SettingsPanelViewController.h */ = {isa = PBXFileReference; fileEncoding = 4; lastKnownFileType = sourcecode.c.h; path = SettingsPanelViewController.h; sourceTree = "<group>"; };
		B5E8AC451E9CC41700964B3C /* SettingsPanelViewController.m */ = {isa = PBXFileReference; fileEncoding = 4; lastKnownFileType = sourcecode.c.objc; path = SettingsPanelViewController.m; sourceTree = "<group>"; };
		B5E8AC461E9CC41700964B3C /* SettingsPanelViewController.xib */ = {isa = PBXFileReference; fileEncoding = 4; lastKnownFileType = file.xib; path = SettingsPanelViewController.xib; sourceTree = "<group>"; };
		B5E8AC5B1E9E63B000964B3C /* image.png */ = {isa = PBXFileReference; lastKnownFileType = image.png; path = image.png; sourceTree = "<group>"; };
		B5EFB3471E8CFFD80024C211 /* Notes.app */ = {isa = PBXFileReference; explicitFileType = wrapper.application; includeInIndex = 0; path = Notes.app; sourceTree = BUILT_PRODUCTS_DIR; };
		B5EFB34B1E8CFFD80024C211 /* main.m */ = {isa = PBXFileReference; lastKnownFileType = sourcecode.c.objc; path = main.m; sourceTree = "<group>"; };
		B5EFB34D1E8CFFD80024C211 /* AppDelegate.h */ = {isa = PBXFileReference; lastKnownFileType = sourcecode.c.h; path = AppDelegate.h; sourceTree = "<group>"; };
		B5EFB34E1E8CFFD80024C211 /* AppDelegate.m */ = {isa = PBXFileReference; lastKnownFileType = sourcecode.c.objc; path = AppDelegate.m; sourceTree = "<group>"; };
		B5EFB3501E8CFFD80024C211 /* ViewController.h */ = {isa = PBXFileReference; lastKnownFileType = sourcecode.c.h; path = ViewController.h; sourceTree = "<group>"; };
		B5EFB3511E8CFFD80024C211 /* ViewController.m */ = {isa = PBXFileReference; lastKnownFileType = sourcecode.c.objc; path = ViewController.m; sourceTree = "<group>"; };
		B5EFB3561E8CFFD80024C211 /* Assets.xcassets */ = {isa = PBXFileReference; lastKnownFileType = folder.assetcatalog; path = Assets.xcassets; sourceTree = "<group>"; };
		B5EFB3591E8CFFD80024C211 /* Base */ = {isa = PBXFileReference; lastKnownFileType = file.storyboard; name = Base; path = Base.lproj/LaunchScreen.storyboard; sourceTree = "<group>"; };
		B5EFB35B1E8CFFD80024C211 /* Info.plist */ = {isa = PBXFileReference; lastKnownFileType = text.plist.xml; path = Info.plist; sourceTree = "<group>"; };
		B5EFB3601E8CFFD80024C211 /* NotesTests.xctest */ = {isa = PBXFileReference; explicitFileType = wrapper.cfbundle; includeInIndex = 0; path = NotesTests.xctest; sourceTree = BUILT_PRODUCTS_DIR; };
		B5EFB3641E8CFFD80024C211 /* NotesTests.m */ = {isa = PBXFileReference; lastKnownFileType = sourcecode.c.objc; path = NotesTests.m; sourceTree = "<group>"; };
		B5EFB3661E8CFFD80024C211 /* Info.plist */ = {isa = PBXFileReference; lastKnownFileType = text.plist.xml; path = Info.plist; sourceTree = "<group>"; };
		B5EFB36B1E8CFFD80024C211 /* NotesUITests.xctest */ = {isa = PBXFileReference; explicitFileType = wrapper.cfbundle; includeInIndex = 0; path = NotesUITests.xctest; sourceTree = BUILT_PRODUCTS_DIR; };
		B5EFB36F1E8CFFD80024C211 /* NotesUITests.m */ = {isa = PBXFileReference; lastKnownFileType = sourcecode.c.objc; path = NotesUITests.m; sourceTree = "<group>"; };
		B5EFB3711E8CFFD80024C211 /* Info.plist */ = {isa = PBXFileReference; lastKnownFileType = text.plist.xml; path = Info.plist; sourceTree = "<group>"; };
		B5EFB37D1E8D006F0024C211 /* ViewController.xib */ = {isa = PBXFileReference; fileEncoding = 4; lastKnownFileType = file.xib; path = ViewController.xib; sourceTree = "<group>"; };
		B5F0A5C21EAA1A4000437525 /* reminder.png */ = {isa = PBXFileReference; lastKnownFileType = image.png; path = reminder.png; sourceTree = "<group>"; };
		B5F0A5C41EADE7A300437525 /* sync.png */ = {isa = PBXFileReference; lastKnownFileType = image.png; path = sync.png; sourceTree = "<group>"; };
		DB8C97C0694A1D8551FD3C56 /* Pods_Notes.framework */ = {isa = PBXFileReference; explicitFileType = wrapper.framework; includeInIndex = 0; path = Pods_Notes.framework; sourceTree = BUILT_PRODUCTS_DIR; };
		FD1826E711920725E65B62EF /* Pods-NotesTests.debug.xcconfig */ = {isa = PBXFileReference; includeInIndex = 1; lastKnownFileType = text.xcconfig; name = "Pods-NotesTests.debug.xcconfig"; path = "Pods/Target Support Files/Pods-NotesTests/Pods-NotesTests.debug.xcconfig"; sourceTree = "<group>"; };
/* End PBXFileReference section */

/* Begin PBXFrameworksBuildPhase section */
		B5EFB3441E8CFFD80024C211 /* Frameworks */ = {
			isa = PBXFrameworksBuildPhase;
			buildActionMask = 2147483647;
			files = (
				9B4EE64C95EE8AC86CF63B38 /* Pods_Notes.framework in Frameworks */,
			);
			runOnlyForDeploymentPostprocessing = 0;
		};
		B5EFB35D1E8CFFD80024C211 /* Frameworks */ = {
			isa = PBXFrameworksBuildPhase;
			buildActionMask = 2147483647;
			files = (
				DB3D32BCA09A92C149DA27B8 /* Pods_NotesTests.framework in Frameworks */,
			);
			runOnlyForDeploymentPostprocessing = 0;
		};
		B5EFB3681E8CFFD80024C211 /* Frameworks */ = {
			isa = PBXFrameworksBuildPhase;
			buildActionMask = 2147483647;
			files = (
				7A334BAE5E3F0F0DE237C408 /* Pods_NotesUITests.framework in Frameworks */,
			);
			runOnlyForDeploymentPostprocessing = 0;
		};
/* End PBXFrameworksBuildPhase section */

/* Begin PBXGroup section */
		1D07C0D01E9251F900E85CAF /* Resources */ = {
			isa = PBXGroup;
			children = (
				1D9EF87B1E94EF7700B35777 /* Notes */,
				1D07C0D11E9251F900E85CAF /* Fonts */,
				1D07C0D31E9251F900E85CAF /* Images */,
			);
			path = Resources;
			sourceTree = "<group>";
		};
		1D07C0D11E9251F900E85CAF /* Fonts */ = {
			isa = PBXGroup;
			children = (
				1D07C0D21E9251F900E85CAF /* Calibri.ttf */,
			);
			path = Fonts;
			sourceTree = "<group>";
		};
		1D07C0D31E9251F900E85CAF /* Images */ = {
			isa = PBXGroup;
			children = (
				1D2406371EA74A0C002CE71B /* alignRight.png */,
				1D2406391EA74A0C002CE71B /* alignLeft.png */,
				1D24062C1EA63787002CE71B /* alignCenter.png */,
				1D07C0D41E9251F900E85CAF /* camera.png */,
				B5E8ABED1E96824200964B3C /* colorPicker.png */,
				1D07C0D51E9251F900E85CAF /* drawing.png */,
				B5E8ABE91E967F0600964B3C /* eraser.png */,
				B5E8AC5B1E9E63B000964B3C /* image.png */,
				1D07C0D61E9251F900E85CAF /* list.png */,
				B5E8ABEB1E96814100964B3C /* pen.png */,
				B5A4A2A81EA648C800F7EC9D /* bin.png */,
				B5A4A2AA1EA6493100F7EC9D /* edit.png */,
				B5E8ABEF1E97B1F600964B3C /* settings.png */,
				B5A4A2AC1EA64B0C00F7EC9D /* close.png */,
				B580EF471EA755CD0097C69D /* check.png */,
				B5F0A5C21EAA1A4000437525 /* reminder.png */,
				B5F0A5C41EADE7A300437525 /* sync.png */,
			);
			path = Images;
			sourceTree = "<group>";
		};
		1D2406341EA66981002CE71B /* Frameworks */ = {
			isa = PBXGroup;
			children = (
				1D2406351EA66981002CE71B /* AssetsLibrary.framework */,
				DB8C97C0694A1D8551FD3C56 /* Pods_Notes.framework */,
				40CB34B4BF2772254DB07A72 /* Pods_NotesTests.framework */,
				85D474273E9B153130731FA7 /* Pods_NotesUITests.framework */,
			);
			name = Frameworks;
			sourceTree = "<group>";
		};
		1D9EF87B1E94EF7700B35777 /* Notes */ = {
			isa = PBXGroup;
			children = (
				1D9EF87C1E94EF7700B35777 /* index.html */,
			);
			path = Notes;
			sourceTree = "<group>";
		};
		91B24D47657BC79A4B69CA7C /* Pods */ = {
			isa = PBXGroup;
			children = (
				3EB4422557EF9BF2C9285998 /* Pods-Notes.debug.xcconfig */,
				46D53A92F2F4EEA83DF6BFE5 /* Pods-Notes.release.xcconfig */,
				FD1826E711920725E65B62EF /* Pods-NotesTests.debug.xcconfig */,
				A7FEA3C096135EBCC024D15D /* Pods-NotesTests.release.xcconfig */,
				9800D9A55FA7D72066F56667 /* Pods-NotesUITests.debug.xcconfig */,
				7A5BAE256A58E7DC4770F064 /* Pods-NotesUITests.release.xcconfig */,
			);
			name = Pods;
			sourceTree = "<group>";
		};
		B5B8FB661E93E64400A82813 /* ViewControllers */ = {
			isa = PBXGroup;
			children = (
				B5EFB3501E8CFFD80024C211 /* ViewController.h */,
				B5EFB3511E8CFFD80024C211 /* ViewController.m */,
				B5EFB37D1E8D006F0024C211 /* ViewController.xib */,
				B526CB561E939E4C00FF4FA8 /* LeftPanelViewController.h */,
				B526CB571E939E4C00FF4FA8 /* LeftPanelViewController.m */,
				B526CB581E939E4C00FF4FA8 /* LeftPanelViewController.xib */,
				1D4056011E8D1E5000E18D05 /* NoteCreationController.h */,
				1D4056021E8D1E5000E18D05 /* NoteCreationController.m */,
				1D4056031E8D1E5000E18D05 /* NoteCreationController.xib */,
				B5E8ABDE1E966BA600964B3C /* DrawingViewController.h */,
				B5E8ABDF1E966BA600964B3C /* DrawingViewController.m */,
				B5E8ABE01E966BA600964B3C /* DrawingViewController.xib */,
				B5E8AC441E9CC41700964B3C /* SettingsPanelViewController.h */,
				B5E8AC451E9CC41700964B3C /* SettingsPanelViewController.m */,
				B5E8AC461E9CC41700964B3C /* SettingsPanelViewController.xib */,
				1D352FC31E9F9FC500F0C7A0 /* DatePickerViewController.h */,
				1D352FC41E9F9FC500F0C7A0 /* DatePickerViewController.m */,
				1D352FC51E9F9FC500F0C7A0 /* DatePickerViewController.xib */,
			);
			name = ViewControllers;
			sourceTree = "<group>";
		};
		B5B8FB671E93E64D00A82813 /* Models */ = {
			isa = PBXGroup;
			children = (
				B5B8FB5E1E93C35200A82813 /* Notebook.h */,
				B5B8FB5F1E93C35200A82813 /* Notebook.m */,
				1D4056061E8D360600E18D05 /* Note.h */,
				1D4056071E8D360600E18D05 /* Note.m */,
				B5E8ABDB1E96580900964B3C /* TableViewDataModel.h */,
				B5E8ABDC1E96580900964B3C /* TableViewDataModel.m */,
			);
			name = Models;
			sourceTree = "<group>";
		};
		B5B8FB681E93E67200A82813 /* Views */ = {
			isa = PBXGroup;
			children = (
				1D2406431EA76E04002CE71B /* ExpandingButton.h */,
				1D2406441EA76E04002CE71B /* ExpandingButton.m */,
				B534C4501E8D433300AD25F6 /* TableViewCell.h */,
				B534C4511E8D433300AD25F6 /* TableViewCell.m */,
				B534C4521E8D433300AD25F6 /* TableViewCell.xib */,
				B5A4A2991EA6119500F7EC9D /* NotebookCell.h */,
				B5A4A29A1EA6119500F7EC9D /* NotebookCell.m */,
				B5A4A29B1EA6119500F7EC9D /* NotebookCell.xib */,
				B5A4A2AE1EA64DBF00F7EC9D /* EditableNotebookCell.h */,
				B5A4A2AF1EA64DBF00F7EC9D /* EditableNotebookCell.m */,
				B5A4A2B01EA64DBF00F7EC9D /* EditableNotebookCell.xib */,
			);
			name = Views;
			sourceTree = "<group>";
		};
		B5B8FB6E1E94DC9F00A82813 /* Utils */ = {
			isa = PBXGroup;
			children = (
				1DF73B351EAF4758003BA617 /* DropboxNoteManager.h */,
				1DF73B361EAF4758003BA617 /* DropboxNoteManager.m */,
				B5B8FB6B1E94D81D00A82813 /* DateTimeManager.h */,
				B5B8FB6C1E94D81D00A82813 /* DateTimeManager.m */,
				B506D9C71E8E3CBB00555F1D /* LayoutProvider.h */,
				B506D9C81E8E3CBB00555F1D /* LayoutProvider.m */,
				1D9EF8B21E96393A00B35777 /* LocalNoteManager.h */,
				1D9EF8B31E96393A00B35777 /* LocalNoteManager.m */,
				1D2406401EA76C27002CE71B /* TagsParser.h */,
				1D2406411EA76C27002CE71B /* TagsParser.m */,
				B5E8AC3C1E9B9FDE00964B3C /* ThemeManager.h */,
				B5E8AC3D1E9B9FDE00964B3C /* ThemeManager.m */,
				B5E3AD2A1EAF838C00552687 /* NoteManager.h */,
				B5E3AD2B1EAF838C00552687 /* NoteManager.m */,
				B5E3AD2D1EAF869900552687 /* Reachability.h */,
				B5E3AD2E1EAF869900552687 /* Reachability.m */,
			);
			name = Utils;
			sourceTree = "<group>";
		};
		B5EFB33E1E8CFFD80024C211 = {
			isa = PBXGroup;
			children = (
				B5EFB3491E8CFFD80024C211 /* Notes */,
				B5EFB3631E8CFFD80024C211 /* NotesTests */,
				B5EFB36E1E8CFFD80024C211 /* NotesUITests */,
				B5EFB3481E8CFFD80024C211 /* Products */,
				1D2406341EA66981002CE71B /* Frameworks */,
				91B24D47657BC79A4B69CA7C /* Pods */,
			);
			sourceTree = "<group>";
		};
		B5EFB3481E8CFFD80024C211 /* Products */ = {
			isa = PBXGroup;
			children = (
				B5EFB3471E8CFFD80024C211 /* Notes.app */,
				B5EFB3601E8CFFD80024C211 /* NotesTests.xctest */,
				B5EFB36B1E8CFFD80024C211 /* NotesUITests.xctest */,
			);
			name = Products;
			sourceTree = "<group>";
		};
		B5EFB3491E8CFFD80024C211 /* Notes */ = {
			isa = PBXGroup;
			children = (
				B5EFB34D1E8CFFD80024C211 /* AppDelegate.h */,
				B5EFB34E1E8CFFD80024C211 /* AppDelegate.m */,
				B5EFB3561E8CFFD80024C211 /* Assets.xcassets */,
				B534C44D1E8D397700AD25F6 /* Defines.h */,
				1D9EF8B11E96322100B35777 /* Protocols.h */,
				B5EFB35B1E8CFFD80024C211 /* Info.plist */,
				B5EFB3581E8CFFD80024C211 /* LaunchScreen.storyboard */,
				B5B8FB671E93E64D00A82813 /* Models */,
				1D07C0D01E9251F900E85CAF /* Resources */,
				B5EFB34A1E8CFFD80024C211 /* Supporting Files */,
				B5B8FB6E1E94DC9F00A82813 /* Utils */,
				B5B8FB661E93E64400A82813 /* ViewControllers */,
				B5B8FB681E93E67200A82813 /* Views */,
			);
			path = Notes;
			sourceTree = "<group>";
		};
		B5EFB34A1E8CFFD80024C211 /* Supporting Files */ = {
			isa = PBXGroup;
			children = (
				B5EFB34B1E8CFFD80024C211 /* main.m */,
			);
			name = "Supporting Files";
			sourceTree = "<group>";
		};
		B5EFB3631E8CFFD80024C211 /* NotesTests */ = {
			isa = PBXGroup;
			children = (
				B5EFB3641E8CFFD80024C211 /* NotesTests.m */,
				B5EFB3661E8CFFD80024C211 /* Info.plist */,
			);
			path = NotesTests;
			sourceTree = "<group>";
		};
		B5EFB36E1E8CFFD80024C211 /* NotesUITests */ = {
			isa = PBXGroup;
			children = (
				B5EFB36F1E8CFFD80024C211 /* NotesUITests.m */,
				B5EFB3711E8CFFD80024C211 /* Info.plist */,
			);
			path = NotesUITests;
			sourceTree = "<group>";
		};
/* End PBXGroup section */

/* Begin PBXNativeTarget section */
		B5EFB3461E8CFFD80024C211 /* Notes */ = {
			isa = PBXNativeTarget;
			buildConfigurationList = B5EFB3741E8CFFD80024C211 /* Build configuration list for PBXNativeTarget "Notes" */;
			buildPhases = (
				9D803E0293235B4DFEABCA8E /* [CP] Check Pods Manifest.lock */,
				B5EFB3431E8CFFD80024C211 /* Sources */,
				B5EFB3441E8CFFD80024C211 /* Frameworks */,
				B5EFB3451E8CFFD80024C211 /* Resources */,
				6BEF391E27B8BEDD2920E7FC /* [CP] Embed Pods Frameworks */,
				9F5DB037912D616E34D94CDC /* [CP] Copy Pods Resources */,
			);
			buildRules = (
			);
			dependencies = (
			);
			name = Notes;
			productName = Notes;
			productReference = B5EFB3471E8CFFD80024C211 /* Notes.app */;
			productType = "com.apple.product-type.application";
		};
		B5EFB35F1E8CFFD80024C211 /* NotesTests */ = {
			isa = PBXNativeTarget;
			buildConfigurationList = B5EFB3771E8CFFD80024C211 /* Build configuration list for PBXNativeTarget "NotesTests" */;
			buildPhases = (
				F5F18F17C47DFA243841615F /* [CP] Check Pods Manifest.lock */,
				B5EFB35C1E8CFFD80024C211 /* Sources */,
				B5EFB35D1E8CFFD80024C211 /* Frameworks */,
				B5EFB35E1E8CFFD80024C211 /* Resources */,
				F7A705BF4CE07635714E9E5B /* [CP] Embed Pods Frameworks */,
				CC46ADB2590B71A749D82890 /* [CP] Copy Pods Resources */,
			);
			buildRules = (
			);
			dependencies = (
				B5EFB3621E8CFFD80024C211 /* PBXTargetDependency */,
			);
			name = NotesTests;
			productName = NotesTests;
			productReference = B5EFB3601E8CFFD80024C211 /* NotesTests.xctest */;
			productType = "com.apple.product-type.bundle.unit-test";
		};
		B5EFB36A1E8CFFD80024C211 /* NotesUITests */ = {
			isa = PBXNativeTarget;
			buildConfigurationList = B5EFB37A1E8CFFD80024C211 /* Build configuration list for PBXNativeTarget "NotesUITests" */;
			buildPhases = (
				DAD2AF1475296B09EBBB80B0 /* [CP] Check Pods Manifest.lock */,
				B5EFB3671E8CFFD80024C211 /* Sources */,
				B5EFB3681E8CFFD80024C211 /* Frameworks */,
				B5EFB3691E8CFFD80024C211 /* Resources */,
				38A15847565A9353B7808F1E /* [CP] Embed Pods Frameworks */,
				AD14BCA8717338D05DC13C22 /* [CP] Copy Pods Resources */,
			);
			buildRules = (
			);
			dependencies = (
				B5EFB36D1E8CFFD80024C211 /* PBXTargetDependency */,
			);
			name = NotesUITests;
			productName = NotesUITests;
			productReference = B5EFB36B1E8CFFD80024C211 /* NotesUITests.xctest */;
			productType = "com.apple.product-type.bundle.ui-testing";
		};
/* End PBXNativeTarget section */

/* Begin PBXProject section */
		B5EFB33F1E8CFFD80024C211 /* Project object */ = {
			isa = PBXProject;
			attributes = {
				LastUpgradeCheck = 0820;
				ORGANIZATIONNAME = "Nemetschek DreamTeam";
				TargetAttributes = {
					B5EFB3461E8CFFD80024C211 = {
						CreatedOnToolsVersion = 8.2.1;
						DevelopmentTeam = 2FXJLP2C5B;
						ProvisioningStyle = Automatic;
					};
					B5EFB35F1E8CFFD80024C211 = {
						CreatedOnToolsVersion = 8.2.1;
						ProvisioningStyle = Automatic;
						TestTargetID = B5EFB3461E8CFFD80024C211;
					};
					B5EFB36A1E8CFFD80024C211 = {
						CreatedOnToolsVersion = 8.2.1;
						ProvisioningStyle = Automatic;
						TestTargetID = B5EFB3461E8CFFD80024C211;
					};
				};
			};
			buildConfigurationList = B5EFB3421E8CFFD80024C211 /* Build configuration list for PBXProject "Notes" */;
			compatibilityVersion = "Xcode 3.2";
			developmentRegion = English;
			hasScannedForEncodings = 0;
			knownRegions = (
				en,
				Base,
			);
			mainGroup = B5EFB33E1E8CFFD80024C211;
			productRefGroup = B5EFB3481E8CFFD80024C211 /* Products */;
			projectDirPath = "";
			projectRoot = "";
			targets = (
				B5EFB3461E8CFFD80024C211 /* Notes */,
				B5EFB35F1E8CFFD80024C211 /* NotesTests */,
				B5EFB36A1E8CFFD80024C211 /* NotesUITests */,
			);
		};
/* End PBXProject section */

/* Begin PBXResourcesBuildPhase section */
		B5EFB3451E8CFFD80024C211 /* Resources */ = {
			isa = PBXResourcesBuildPhase;
			buildActionMask = 2147483647;
			files = (
				1D9EF87D1E94EF7700B35777 /* index.html in Resources */,
				B5E8AC5C1E9E63B000964B3C /* image.png in Resources */,
				B5EFB35A1E8CFFD80024C211 /* LaunchScreen.storyboard in Resources */,
				1D07C0DA1E9251F900E85CAF /* camera.png in Resources */,
				B5A4A2B21EA64DBF00F7EC9D /* EditableNotebookCell.xib in Resources */,
				B5E8AC481E9CC41700964B3C /* SettingsPanelViewController.xib in Resources */,
				B5E8ABEE1E96824200964B3C /* colorPicker.png in Resources */,
				B5A4A2A91EA648C800F7EC9D /* bin.png in Resources */,
				B5E8ABE21E966BA600964B3C /* DrawingViewController.xib in Resources */,
				1D07C0DC1E9251F900E85CAF /* list.png in Resources */,
				B5A4A2AB1EA6493100F7EC9D /* edit.png in Resources */,
				1D07C0DB1E9251F900E85CAF /* drawing.png in Resources */,
				1D07C0D91E9251F900E85CAF /* Calibri.ttf in Resources */,
				B5A4A2AD1EA64B0C00F7EC9D /* close.png in Resources */,
				1D24063C1EA74A0C002CE71B /* alignLeft.png in Resources */,
				B5E8ABEC1E96814100964B3C /* pen.png in Resources */,
				B580EF481EA755CD0097C69D /* check.png in Resources */,
				1D24063A1EA74A0C002CE71B /* alignRight.png in Resources */,
				B5E8ABEA1E967F0600964B3C /* eraser.png in Resources */,
				B534C4541E8D433300AD25F6 /* TableViewCell.xib in Resources */,
				B526CB5A1E939E4C00FF4FA8 /* LeftPanelViewController.xib in Resources */,
				B5A4A29D1EA6119500F7EC9D /* NotebookCell.xib in Resources */,
				B5F0A5C51EADE7A300437525 /* sync.png in Resources */,
				B5F0A5C31EAA1A4000437525 /* reminder.png in Resources */,
				B5EFB37E1E8D006F0024C211 /* ViewController.xib in Resources */,
				B5E8ABF01E97B1F600964B3C /* settings.png in Resources */,
				1D352FC71E9F9FC500F0C7A0 /* DatePickerViewController.xib in Resources */,
				1D4056051E8D1E5000E18D05 /* NoteCreationController.xib in Resources */,
				1D24062D1EA63787002CE71B /* alignCenter.png in Resources */,
				B5EFB3571E8CFFD80024C211 /* Assets.xcassets in Resources */,
			);
			runOnlyForDeploymentPostprocessing = 0;
		};
		B5EFB35E1E8CFFD80024C211 /* Resources */ = {
			isa = PBXResourcesBuildPhase;
			buildActionMask = 2147483647;
			files = (
			);
			runOnlyForDeploymentPostprocessing = 0;
		};
		B5EFB3691E8CFFD80024C211 /* Resources */ = {
			isa = PBXResourcesBuildPhase;
			buildActionMask = 2147483647;
			files = (
			);
			runOnlyForDeploymentPostprocessing = 0;
		};
/* End PBXResourcesBuildPhase section */

/* Begin PBXShellScriptBuildPhase section */
		38A15847565A9353B7808F1E /* [CP] Embed Pods Frameworks */ = {
			isa = PBXShellScriptBuildPhase;
			buildActionMask = 2147483647;
			files = (
			);
			inputPaths = (
			);
			name = "[CP] Embed Pods Frameworks";
			outputPaths = (
			);
			runOnlyForDeploymentPostprocessing = 0;
			shellPath = /bin/sh;
			shellScript = "\"${SRCROOT}/Pods/Target Support Files/Pods-NotesUITests/Pods-NotesUITests-frameworks.sh\"\n";
			showEnvVarsInLog = 0;
		};
		6BEF391E27B8BEDD2920E7FC /* [CP] Embed Pods Frameworks */ = {
			isa = PBXShellScriptBuildPhase;
			buildActionMask = 2147483647;
			files = (
			);
			inputPaths = (
			);
			name = "[CP] Embed Pods Frameworks";
			outputPaths = (
			);
			runOnlyForDeploymentPostprocessing = 0;
			shellPath = /bin/sh;
			shellScript = "\"${SRCROOT}/Pods/Target Support Files/Pods-Notes/Pods-Notes-frameworks.sh\"\n";
			showEnvVarsInLog = 0;
		};
		9D803E0293235B4DFEABCA8E /* [CP] Check Pods Manifest.lock */ = {
			isa = PBXShellScriptBuildPhase;
			buildActionMask = 2147483647;
			files = (
			);
			inputPaths = (
			);
			name = "[CP] Check Pods Manifest.lock";
			outputPaths = (
			);
			runOnlyForDeploymentPostprocessing = 0;
			shellPath = /bin/sh;
			shellScript = "diff \"${PODS_PODFILE_DIR_PATH}/Podfile.lock\" \"${PODS_ROOT}/Manifest.lock\" > /dev/null\nif [ $? != 0 ] ; then\n    # print error to STDERR\n    echo \"error: The sandbox is not in sync with the Podfile.lock. Run 'pod install' or update your CocoaPods installation.\" >&2\n    exit 1\nfi\n";
			showEnvVarsInLog = 0;
		};
		9F5DB037912D616E34D94CDC /* [CP] Copy Pods Resources */ = {
			isa = PBXShellScriptBuildPhase;
			buildActionMask = 2147483647;
			files = (
			);
			inputPaths = (
			);
			name = "[CP] Copy Pods Resources";
			outputPaths = (
			);
			runOnlyForDeploymentPostprocessing = 0;
			shellPath = /bin/sh;
			shellScript = "\"${SRCROOT}/Pods/Target Support Files/Pods-Notes/Pods-Notes-resources.sh\"\n";
			showEnvVarsInLog = 0;
		};
		AD14BCA8717338D05DC13C22 /* [CP] Copy Pods Resources */ = {
			isa = PBXShellScriptBuildPhase;
			buildActionMask = 2147483647;
			files = (
			);
			inputPaths = (
			);
			name = "[CP] Copy Pods Resources";
			outputPaths = (
			);
			runOnlyForDeploymentPostprocessing = 0;
			shellPath = /bin/sh;
			shellScript = "\"${SRCROOT}/Pods/Target Support Files/Pods-NotesUITests/Pods-NotesUITests-resources.sh\"\n";
			showEnvVarsInLog = 0;
		};
		CC46ADB2590B71A749D82890 /* [CP] Copy Pods Resources */ = {
			isa = PBXShellScriptBuildPhase;
			buildActionMask = 2147483647;
			files = (
			);
			inputPaths = (
			);
			name = "[CP] Copy Pods Resources";
			outputPaths = (
			);
			runOnlyForDeploymentPostprocessing = 0;
			shellPath = /bin/sh;
			shellScript = "\"${SRCROOT}/Pods/Target Support Files/Pods-NotesTests/Pods-NotesTests-resources.sh\"\n";
			showEnvVarsInLog = 0;
		};
		DAD2AF1475296B09EBBB80B0 /* [CP] Check Pods Manifest.lock */ = {
			isa = PBXShellScriptBuildPhase;
			buildActionMask = 2147483647;
			files = (
			);
			inputPaths = (
			);
			name = "[CP] Check Pods Manifest.lock";
			outputPaths = (
			);
			runOnlyForDeploymentPostprocessing = 0;
			shellPath = /bin/sh;
			shellScript = "diff \"${PODS_PODFILE_DIR_PATH}/Podfile.lock\" \"${PODS_ROOT}/Manifest.lock\" > /dev/null\nif [ $? != 0 ] ; then\n    # print error to STDERR\n    echo \"error: The sandbox is not in sync with the Podfile.lock. Run 'pod install' or update your CocoaPods installation.\" >&2\n    exit 1\nfi\n";
			showEnvVarsInLog = 0;
		};
		F5F18F17C47DFA243841615F /* [CP] Check Pods Manifest.lock */ = {
			isa = PBXShellScriptBuildPhase;
			buildActionMask = 2147483647;
			files = (
			);
			inputPaths = (
			);
			name = "[CP] Check Pods Manifest.lock";
			outputPaths = (
			);
			runOnlyForDeploymentPostprocessing = 0;
			shellPath = /bin/sh;
			shellScript = "diff \"${PODS_PODFILE_DIR_PATH}/Podfile.lock\" \"${PODS_ROOT}/Manifest.lock\" > /dev/null\nif [ $? != 0 ] ; then\n    # print error to STDERR\n    echo \"error: The sandbox is not in sync with the Podfile.lock. Run 'pod install' or update your CocoaPods installation.\" >&2\n    exit 1\nfi\n";
			showEnvVarsInLog = 0;
		};
		F7A705BF4CE07635714E9E5B /* [CP] Embed Pods Frameworks */ = {
			isa = PBXShellScriptBuildPhase;
			buildActionMask = 2147483647;
			files = (
			);
			inputPaths = (
			);
			name = "[CP] Embed Pods Frameworks";
			outputPaths = (
			);
			runOnlyForDeploymentPostprocessing = 0;
			shellPath = /bin/sh;
			shellScript = "\"${SRCROOT}/Pods/Target Support Files/Pods-NotesTests/Pods-NotesTests-frameworks.sh\"\n";
			showEnvVarsInLog = 0;
		};
/* End PBXShellScriptBuildPhase section */

/* Begin PBXSourcesBuildPhase section */
		B5EFB3431E8CFFD80024C211 /* Sources */ = {
			isa = PBXSourcesBuildPhase;
			buildActionMask = 2147483647;
			files = (
				1D2406451EA76E04002CE71B /* ExpandingButton.m in Sources */,
				B5A4A29C1EA6119500F7EC9D /* NotebookCell.m in Sources */,
				B5E3AD2C1EAF838C00552687 /* NoteManager.m in Sources */,
				B506D9C91E8E3CBB00555F1D /* LayoutProvider.m in Sources */,
				B5A4A2B11EA64DBF00F7EC9D /* EditableNotebookCell.m in Sources */,
				B5E8ABDD1E96580900964B3C /* TableViewDataModel.m in Sources */,
				B5E8AC3E1E9B9FDE00964B3C /* ThemeManager.m in Sources */,
				1DF73B371EAF4758003BA617 /* DropboxNoteManager.m in Sources */,
				1D4056081E8D360600E18D05 /* Note.m in Sources */,
				1D9EF8B41E96393A00B35777 /* LocalNoteManager.m in Sources */,
				B5B8FB601E93C35200A82813 /* Notebook.m in Sources */,
				B5EFB3521E8CFFD80024C211 /* ViewController.m in Sources */,
				B534C4531E8D433300AD25F6 /* TableViewCell.m in Sources */,
				B5EFB34F1E8CFFD80024C211 /* AppDelegate.m in Sources */,
				B5B8FB6D1E94D81D00A82813 /* DateTimeManager.m in Sources */,
				B5E8ABE11E966BA600964B3C /* DrawingViewController.m in Sources */,
				1D4056041E8D1E5000E18D05 /* NoteCreationController.m in Sources */,
				B5E3AD2F1EAF869900552687 /* Reachability.m in Sources */,
				1D2406421EA76C27002CE71B /* TagsParser.m in Sources */,
				B526CB591E939E4C00FF4FA8 /* LeftPanelViewController.m in Sources */,
				B5E8AC471E9CC41700964B3C /* SettingsPanelViewController.m in Sources */,
				B5EFB34C1E8CFFD80024C211 /* main.m in Sources */,
				1D352FC61E9F9FC500F0C7A0 /* DatePickerViewController.m in Sources */,
			);
			runOnlyForDeploymentPostprocessing = 0;
		};
		B5EFB35C1E8CFFD80024C211 /* Sources */ = {
			isa = PBXSourcesBuildPhase;
			buildActionMask = 2147483647;
			files = (
				B5EFB3651E8CFFD80024C211 /* NotesTests.m in Sources */,
			);
			runOnlyForDeploymentPostprocessing = 0;
		};
		B5EFB3671E8CFFD80024C211 /* Sources */ = {
			isa = PBXSourcesBuildPhase;
			buildActionMask = 2147483647;
			files = (
				B5EFB3701E8CFFD80024C211 /* NotesUITests.m in Sources */,
			);
			runOnlyForDeploymentPostprocessing = 0;
		};
/* End PBXSourcesBuildPhase section */

/* Begin PBXTargetDependency section */
		B5EFB3621E8CFFD80024C211 /* PBXTargetDependency */ = {
			isa = PBXTargetDependency;
			target = B5EFB3461E8CFFD80024C211 /* Notes */;
			targetProxy = B5EFB3611E8CFFD80024C211 /* PBXContainerItemProxy */;
		};
		B5EFB36D1E8CFFD80024C211 /* PBXTargetDependency */ = {
			isa = PBXTargetDependency;
			target = B5EFB3461E8CFFD80024C211 /* Notes */;
			targetProxy = B5EFB36C1E8CFFD80024C211 /* PBXContainerItemProxy */;
		};
/* End PBXTargetDependency section */

/* Begin PBXVariantGroup section */
		B5EFB3581E8CFFD80024C211 /* LaunchScreen.storyboard */ = {
			isa = PBXVariantGroup;
			children = (
				B5EFB3591E8CFFD80024C211 /* Base */,
			);
			name = LaunchScreen.storyboard;
			sourceTree = "<group>";
		};
/* End PBXVariantGroup section */

/* Begin XCBuildConfiguration section */
		B5EFB3721E8CFFD80024C211 /* Debug */ = {
			isa = XCBuildConfiguration;
			buildSettings = {
				ALWAYS_SEARCH_USER_PATHS = NO;
				CLANG_ANALYZER_NONNULL = YES;
				CLANG_CXX_LANGUAGE_STANDARD = "gnu++0x";
				CLANG_CXX_LIBRARY = "libc++";
				CLANG_ENABLE_MODULES = YES;
				CLANG_ENABLE_OBJC_ARC = YES;
				CLANG_WARN_BOOL_CONVERSION = YES;
				CLANG_WARN_CONSTANT_CONVERSION = YES;
				CLANG_WARN_DIRECT_OBJC_ISA_USAGE = YES_ERROR;
				CLANG_WARN_DOCUMENTATION_COMMENTS = YES;
				CLANG_WARN_EMPTY_BODY = YES;
				CLANG_WARN_ENUM_CONVERSION = YES;
				CLANG_WARN_INFINITE_RECURSION = YES;
				CLANG_WARN_INT_CONVERSION = YES;
				CLANG_WARN_OBJC_ROOT_CLASS = YES_ERROR;
				CLANG_WARN_SUSPICIOUS_MOVE = YES;
				CLANG_WARN_UNREACHABLE_CODE = YES;
				CLANG_WARN__DUPLICATE_METHOD_MATCH = YES;
				"CODE_SIGN_IDENTITY[sdk=iphoneos*]" = "iPhone Developer";
				COPY_PHASE_STRIP = NO;
				DEBUG_INFORMATION_FORMAT = dwarf;
				ENABLE_STRICT_OBJC_MSGSEND = YES;
				ENABLE_TESTABILITY = YES;
				GCC_C_LANGUAGE_STANDARD = gnu99;
				GCC_DYNAMIC_NO_PIC = NO;
				GCC_NO_COMMON_BLOCKS = YES;
				GCC_OPTIMIZATION_LEVEL = 0;
				GCC_PREPROCESSOR_DEFINITIONS = (
					"DEBUG=1",
					"$(inherited)",
				);
				GCC_WARN_64_TO_32_BIT_CONVERSION = YES;
				GCC_WARN_ABOUT_RETURN_TYPE = YES_ERROR;
				GCC_WARN_UNDECLARED_SELECTOR = YES;
				GCC_WARN_UNINITIALIZED_AUTOS = YES_AGGRESSIVE;
				GCC_WARN_UNUSED_FUNCTION = YES;
				GCC_WARN_UNUSED_VARIABLE = YES;
				IPHONEOS_DEPLOYMENT_TARGET = 9.3;
				MTL_ENABLE_DEBUG_INFO = YES;
				ONLY_ACTIVE_ARCH = YES;
				SDKROOT = iphoneos;
				TARGETED_DEVICE_FAMILY = "1,2";
			};
			name = Debug;
		};
		B5EFB3731E8CFFD80024C211 /* Release */ = {
			isa = XCBuildConfiguration;
			buildSettings = {
				ALWAYS_SEARCH_USER_PATHS = NO;
				CLANG_ANALYZER_NONNULL = YES;
				CLANG_CXX_LANGUAGE_STANDARD = "gnu++0x";
				CLANG_CXX_LIBRARY = "libc++";
				CLANG_ENABLE_MODULES = YES;
				CLANG_ENABLE_OBJC_ARC = YES;
				CLANG_WARN_BOOL_CONVERSION = YES;
				CLANG_WARN_CONSTANT_CONVERSION = YES;
				CLANG_WARN_DIRECT_OBJC_ISA_USAGE = YES_ERROR;
				CLANG_WARN_DOCUMENTATION_COMMENTS = YES;
				CLANG_WARN_EMPTY_BODY = YES;
				CLANG_WARN_ENUM_CONVERSION = YES;
				CLANG_WARN_INFINITE_RECURSION = YES;
				CLANG_WARN_INT_CONVERSION = YES;
				CLANG_WARN_OBJC_ROOT_CLASS = YES_ERROR;
				CLANG_WARN_SUSPICIOUS_MOVE = YES;
				CLANG_WARN_UNREACHABLE_CODE = YES;
				CLANG_WARN__DUPLICATE_METHOD_MATCH = YES;
				"CODE_SIGN_IDENTITY[sdk=iphoneos*]" = "iPhone Developer";
				COPY_PHASE_STRIP = NO;
				DEBUG_INFORMATION_FORMAT = "dwarf-with-dsym";
				ENABLE_NS_ASSERTIONS = NO;
				ENABLE_STRICT_OBJC_MSGSEND = YES;
				GCC_C_LANGUAGE_STANDARD = gnu99;
				GCC_NO_COMMON_BLOCKS = YES;
				GCC_WARN_64_TO_32_BIT_CONVERSION = YES;
				GCC_WARN_ABOUT_RETURN_TYPE = YES_ERROR;
				GCC_WARN_UNDECLARED_SELECTOR = YES;
				GCC_WARN_UNINITIALIZED_AUTOS = YES_AGGRESSIVE;
				GCC_WARN_UNUSED_FUNCTION = YES;
				GCC_WARN_UNUSED_VARIABLE = YES;
				IPHONEOS_DEPLOYMENT_TARGET = 9.3;
				MTL_ENABLE_DEBUG_INFO = NO;
				SDKROOT = iphoneos;
				TARGETED_DEVICE_FAMILY = "1,2";
				VALIDATE_PRODUCT = YES;
			};
			name = Release;
		};
		B5EFB3751E8CFFD80024C211 /* Debug */ = {
			isa = XCBuildConfiguration;
			baseConfigurationReference = 3EB4422557EF9BF2C9285998 /* Pods-Notes.debug.xcconfig */;
			buildSettings = {
				ALWAYS_EMBED_SWIFT_STANDARD_LIBRARIES = YES;
				ASSETCATALOG_COMPILER_APPICON_NAME = AppIcon;
				"CODE_SIGN_IDENTITY[sdk=iphoneos*]" = "iPhone Developer";
				DEVELOPMENT_TEAM = 2FXJLP2C5B;
				INFOPLIST_FILE = Notes/Info.plist;
				LD_RUNPATH_SEARCH_PATHS = "$(inherited) @executable_path/Frameworks";
				PRODUCT_BUNDLE_IDENTIFIER = com.nemetschek.bg.Notes;
				PRODUCT_NAME = "$(TARGET_NAME)";
			};
			name = Debug;
		};
		B5EFB3761E8CFFD80024C211 /* Release */ = {
			isa = XCBuildConfiguration;
			baseConfigurationReference = 46D53A92F2F4EEA83DF6BFE5 /* Pods-Notes.release.xcconfig */;
			buildSettings = {
				ALWAYS_EMBED_SWIFT_STANDARD_LIBRARIES = YES;
				ASSETCATALOG_COMPILER_APPICON_NAME = AppIcon;
				"CODE_SIGN_IDENTITY[sdk=iphoneos*]" = "iPhone Developer";
				DEVELOPMENT_TEAM = 2FXJLP2C5B;
				INFOPLIST_FILE = Notes/Info.plist;
				LD_RUNPATH_SEARCH_PATHS = "$(inherited) @executable_path/Frameworks";
				PRODUCT_BUNDLE_IDENTIFIER = com.nemetschek.bg.Notes;
				PRODUCT_NAME = "$(TARGET_NAME)";
			};
			name = Release;
		};
		B5EFB3781E8CFFD80024C211 /* Debug */ = {
			isa = XCBuildConfiguration;
			baseConfigurationReference = FD1826E711920725E65B62EF /* Pods-NotesTests.debug.xcconfig */;
			buildSettings = {
				BUNDLE_LOADER = "$(TEST_HOST)";
				INFOPLIST_FILE = NotesTests/Info.plist;
				LD_RUNPATH_SEARCH_PATHS = "$(inherited) @executable_path/Frameworks @loader_path/Frameworks";
				PRODUCT_BUNDLE_IDENTIFIER = com.nemetschek.bg.NotesTests;
				PRODUCT_NAME = "$(TARGET_NAME)";
				TEST_HOST = "$(BUILT_PRODUCTS_DIR)/Notes.app/Notes";
			};
			name = Debug;
		};
		B5EFB3791E8CFFD80024C211 /* Release */ = {
			isa = XCBuildConfiguration;
			baseConfigurationReference = A7FEA3C096135EBCC024D15D /* Pods-NotesTests.release.xcconfig */;
			buildSettings = {
				BUNDLE_LOADER = "$(TEST_HOST)";
				INFOPLIST_FILE = NotesTests/Info.plist;
				LD_RUNPATH_SEARCH_PATHS = "$(inherited) @executable_path/Frameworks @loader_path/Frameworks";
				PRODUCT_BUNDLE_IDENTIFIER = com.nemetschek.bg.NotesTests;
				PRODUCT_NAME = "$(TARGET_NAME)";
				TEST_HOST = "$(BUILT_PRODUCTS_DIR)/Notes.app/Notes";
			};
			name = Release;
		};
		B5EFB37B1E8CFFD80024C211 /* Debug */ = {
			isa = XCBuildConfiguration;
			baseConfigurationReference = 9800D9A55FA7D72066F56667 /* Pods-NotesUITests.debug.xcconfig */;
			buildSettings = {
				INFOPLIST_FILE = NotesUITests/Info.plist;
				LD_RUNPATH_SEARCH_PATHS = "$(inherited) @executable_path/Frameworks @loader_path/Frameworks";
				PRODUCT_BUNDLE_IDENTIFIER = com.nemetschek.bg.NotesUITests;
				PRODUCT_NAME = "$(TARGET_NAME)";
				TEST_TARGET_NAME = Notes;
			};
			name = Debug;
		};
		B5EFB37C1E8CFFD80024C211 /* Release */ = {
			isa = XCBuildConfiguration;
			baseConfigurationReference = 7A5BAE256A58E7DC4770F064 /* Pods-NotesUITests.release.xcconfig */;
			buildSettings = {
				INFOPLIST_FILE = NotesUITests/Info.plist;
				LD_RUNPATH_SEARCH_PATHS = "$(inherited) @executable_path/Frameworks @loader_path/Frameworks";
				PRODUCT_BUNDLE_IDENTIFIER = com.nemetschek.bg.NotesUITests;
				PRODUCT_NAME = "$(TARGET_NAME)";
				TEST_TARGET_NAME = Notes;
			};
			name = Release;
		};
/* End XCBuildConfiguration section */

/* Begin XCConfigurationList section */
		B5EFB3421E8CFFD80024C211 /* Build configuration list for PBXProject "Notes" */ = {
			isa = XCConfigurationList;
			buildConfigurations = (
				B5EFB3721E8CFFD80024C211 /* Debug */,
				B5EFB3731E8CFFD80024C211 /* Release */,
			);
			defaultConfigurationIsVisible = 0;
			defaultConfigurationName = Release;
		};
		B5EFB3741E8CFFD80024C211 /* Build configuration list for PBXNativeTarget "Notes" */ = {
			isa = XCConfigurationList;
			buildConfigurations = (
				B5EFB3751E8CFFD80024C211 /* Debug */,
				B5EFB3761E8CFFD80024C211 /* Release */,
			);
			defaultConfigurationIsVisible = 0;
			defaultConfigurationName = Release;
		};
		B5EFB3771E8CFFD80024C211 /* Build configuration list for PBXNativeTarget "NotesTests" */ = {
			isa = XCConfigurationList;
			buildConfigurations = (
				B5EFB3781E8CFFD80024C211 /* Debug */,
				B5EFB3791E8CFFD80024C211 /* Release */,
			);
			defaultConfigurationIsVisible = 0;
			defaultConfigurationName = Release;
		};
		B5EFB37A1E8CFFD80024C211 /* Build configuration list for PBXNativeTarget "NotesUITests" */ = {
			isa = XCConfigurationList;
			buildConfigurations = (
				B5EFB37B1E8CFFD80024C211 /* Debug */,
				B5EFB37C1E8CFFD80024C211 /* Release */,
			);
			defaultConfigurationIsVisible = 0;
			defaultConfigurationName = Release;
		};
/* End XCConfigurationList section */
	};
	rootObject = B5EFB33F1E8CFFD80024C211 /* Project object */;
}
