// !$*UTF8*$!
{
	archiveVersion = 1;
	classes = {
	};
	objectVersion = 46;
	objects = {

/* Begin PBXBuildFile section */
		1D07C0D91E9251F900E85CAF /* Calibri.ttf in Resources */ = {isa = PBXBuildFile; fileRef = 1D07C0D21E9251F900E85CAF /* Calibri.ttf */; };
		1D07C0DA1E9251F900E85CAF /* camera.png in Resources */ = {isa = PBXBuildFile; fileRef = 1D07C0D41E9251F900E85CAF /* camera.png */; };
		1D07C0DB1E9251F900E85CAF /* drawing.png in Resources */ = {isa = PBXBuildFile; fileRef = 1D07C0D51E9251F900E85CAF /* drawing.png */; };
		1D07C0DC1E9251F900E85CAF /* list.png in Resources */ = {isa = PBXBuildFile; fileRef = 1D07C0D61E9251F900E85CAF /* list.png */; };
		1D07C0DD1E9251F900E85CAF /* menu_button.png in Resources */ = {isa = PBXBuildFile; fileRef = 1D07C0D71E9251F900E85CAF /* menu_button.png */; };
		1D07C0DE1E9251F900E85CAF /* plus.png in Resources */ = {isa = PBXBuildFile; fileRef = 1D07C0D81E9251F900E85CAF /* plus.png */; };
		1D4056041E8D1E5000E18D05 /* NoteCreationController.m in Sources */ = {isa = PBXBuildFile; fileRef = 1D4056021E8D1E5000E18D05 /* NoteCreationController.m */; };
		1D4056051E8D1E5000E18D05 /* NoteCreationController.xib in Resources */ = {isa = PBXBuildFile; fileRef = 1D4056031E8D1E5000E18D05 /* NoteCreationController.xib */; };
		1D4056081E8D360600E18D05 /* Note.m in Sources */ = {isa = PBXBuildFile; fileRef = 1D4056071E8D360600E18D05 /* Note.m */; };
		1D9EF8731E94EF6400B35777 /* Calibri.ttf in Resources */ = {isa = PBXBuildFile; fileRef = 1D9EF8691E94EF6400B35777 /* Calibri.ttf */; };
		1D9EF8741E94EF6400B35777 /* camera.png in Resources */ = {isa = PBXBuildFile; fileRef = 1D9EF86B1E94EF6400B35777 /* camera.png */; };
		1D9EF8751E94EF6400B35777 /* drawing.png in Resources */ = {isa = PBXBuildFile; fileRef = 1D9EF86C1E94EF6400B35777 /* drawing.png */; };
		1D9EF8761E94EF6400B35777 /* list.png in Resources */ = {isa = PBXBuildFile; fileRef = 1D9EF86D1E94EF6400B35777 /* list.png */; };
		1D9EF8771E94EF6400B35777 /* menu_button.png in Resources */ = {isa = PBXBuildFile; fileRef = 1D9EF86E1E94EF6400B35777 /* menu_button.png */; };
		1D9EF8781E94EF6400B35777 /* more.png in Resources */ = {isa = PBXBuildFile; fileRef = 1D9EF86F1E94EF6400B35777 /* more.png */; };
		1D9EF8791E94EF6400B35777 /* plus.png in Resources */ = {isa = PBXBuildFile; fileRef = 1D9EF8701E94EF6400B35777 /* plus.png */; };
		1D9EF87A1E94EF6400B35777 /* index.html in Resources */ = {isa = PBXBuildFile; fileRef = 1D9EF8721E94EF6400B35777 /* index.html */; };
		1D9EF87D1E94EF7700B35777 /* index.html in Resources */ = {isa = PBXBuildFile; fileRef = 1D9EF87C1E94EF7700B35777 /* index.html */; };
		B506D9C91E8E3CBB00555F1D /* LayoutProvider.m in Sources */ = {isa = PBXBuildFile; fileRef = B506D9C81E8E3CBB00555F1D /* LayoutProvider.m */; };
		B526CB591E939E4C00FF4FA8 /* LeftPanelViewController.m in Sources */ = {isa = PBXBuildFile; fileRef = B526CB571E939E4C00FF4FA8 /* LeftPanelViewController.m */; };
		B526CB5A1E939E4C00FF4FA8 /* LeftPanelViewController.xib in Resources */ = {isa = PBXBuildFile; fileRef = B526CB581E939E4C00FF4FA8 /* LeftPanelViewController.xib */; };
		B534C4531E8D433300AD25F6 /* TableViewCell.m in Sources */ = {isa = PBXBuildFile; fileRef = B534C4511E8D433300AD25F6 /* TableViewCell.m */; };
		B534C4541E8D433300AD25F6 /* TableViewCell.xib in Resources */ = {isa = PBXBuildFile; fileRef = B534C4521E8D433300AD25F6 /* TableViewCell.xib */; };
		B5B8FB601E93C35200A82813 /* Notebook.m in Sources */ = {isa = PBXBuildFile; fileRef = B5B8FB5F1E93C35200A82813 /* Notebook.m */; };
		B5B8FB631E93E46B00A82813 /* Reminder.m in Sources */ = {isa = PBXBuildFile; fileRef = B5B8FB621E93E46B00A82813 /* Reminder.m */; };
		B5B8FB6A1E94C98100A82813 /* more.png in Resources */ = {isa = PBXBuildFile; fileRef = B5B8FB691E94C98100A82813 /* more.png */; };
		B5B8FB6D1E94D81D00A82813 /* DateTimeManager.m in Sources */ = {isa = PBXBuildFile; fileRef = B5B8FB6C1E94D81D00A82813 /* DateTimeManager.m */; };
		B5EFB34C1E8CFFD80024C211 /* main.m in Sources */ = {isa = PBXBuildFile; fileRef = B5EFB34B1E8CFFD80024C211 /* main.m */; };
		B5EFB34F1E8CFFD80024C211 /* AppDelegate.m in Sources */ = {isa = PBXBuildFile; fileRef = B5EFB34E1E8CFFD80024C211 /* AppDelegate.m */; };
		B5EFB3521E8CFFD80024C211 /* ViewController.m in Sources */ = {isa = PBXBuildFile; fileRef = B5EFB3511E8CFFD80024C211 /* ViewController.m */; };
		B5EFB3571E8CFFD80024C211 /* Assets.xcassets in Resources */ = {isa = PBXBuildFile; fileRef = B5EFB3561E8CFFD80024C211 /* Assets.xcassets */; };
		B5EFB35A1E8CFFD80024C211 /* LaunchScreen.storyboard in Resources */ = {isa = PBXBuildFile; fileRef = B5EFB3581E8CFFD80024C211 /* LaunchScreen.storyboard */; };
		B5EFB3651E8CFFD80024C211 /* NotesTests.m in Sources */ = {isa = PBXBuildFile; fileRef = B5EFB3641E8CFFD80024C211 /* NotesTests.m */; };
		B5EFB3701E8CFFD80024C211 /* NotesUITests.m in Sources */ = {isa = PBXBuildFile; fileRef = B5EFB36F1E8CFFD80024C211 /* NotesUITests.m */; };
		B5EFB37E1E8D006F0024C211 /* ViewController.xib in Resources */ = {isa = PBXBuildFile; fileRef = B5EFB37D1E8D006F0024C211 /* ViewController.xib */; };
/* End PBXBuildFile section */

/* Begin PBXContainerItemProxy section */
		B5EFB3611E8CFFD80024C211 /* PBXContainerItemProxy */ = {
			isa = PBXContainerItemProxy;
			containerPortal = B5EFB33F1E8CFFD80024C211 /* Project object */;
			proxyType = 1;
			remoteGlobalIDString = B5EFB3461E8CFFD80024C211;
			remoteInfo = Notes;
		};
		B5EFB36C1E8CFFD80024C211 /* PBXContainerItemProxy */ = {
			isa = PBXContainerItemProxy;
			containerPortal = B5EFB33F1E8CFFD80024C211 /* Project object */;
			proxyType = 1;
			remoteGlobalIDString = B5EFB3461E8CFFD80024C211;
			remoteInfo = Notes;
		};
/* End PBXContainerItemProxy section */

/* Begin PBXFileReference section */
		1D07C0D21E9251F900E85CAF /* Calibri.ttf */ = {isa = PBXFileReference; lastKnownFileType = file; path = Calibri.ttf; sourceTree = "<group>"; };
		1D07C0D41E9251F900E85CAF /* camera.png */ = {isa = PBXFileReference; lastKnownFileType = image.png; path = camera.png; sourceTree = "<group>"; };
		1D07C0D51E9251F900E85CAF /* drawing.png */ = {isa = PBXFileReference; lastKnownFileType = image.png; path = drawing.png; sourceTree = "<group>"; };
		1D07C0D61E9251F900E85CAF /* list.png */ = {isa = PBXFileReference; lastKnownFileType = image.png; path = list.png; sourceTree = "<group>"; };
		1D07C0D71E9251F900E85CAF /* menu_button.png */ = {isa = PBXFileReference; lastKnownFileType = image.png; path = menu_button.png; sourceTree = "<group>"; };
		1D07C0D81E9251F900E85CAF /* plus.png */ = {isa = PBXFileReference; lastKnownFileType = image.png; path = plus.png; sourceTree = "<group>"; };
		1D4056011E8D1E5000E18D05 /* NoteCreationController.h */ = {isa = PBXFileReference; fileEncoding = 4; lastKnownFileType = sourcecode.c.h; path = NoteCreationController.h; sourceTree = "<group>"; };
		1D4056021E8D1E5000E18D05 /* NoteCreationController.m */ = {isa = PBXFileReference; fileEncoding = 4; lastKnownFileType = sourcecode.c.objc; path = NoteCreationController.m; sourceTree = "<group>"; };
		1D4056031E8D1E5000E18D05 /* NoteCreationController.xib */ = {isa = PBXFileReference; fileEncoding = 4; lastKnownFileType = file.xib; path = NoteCreationController.xib; sourceTree = "<group>"; };
		1D4056061E8D360600E18D05 /* Note.h */ = {isa = PBXFileReference; fileEncoding = 4; lastKnownFileType = sourcecode.c.h; path = Note.h; sourceTree = "<group>"; };
		1D4056071E8D360600E18D05 /* Note.m */ = {isa = PBXFileReference; fileEncoding = 4; lastKnownFileType = sourcecode.c.objc; path = Note.m; sourceTree = "<group>"; };
		1D9EF8691E94EF6400B35777 /* Calibri.ttf */ = {isa = PBXFileReference; lastKnownFileType = file; path = Calibri.ttf; sourceTree = "<group>"; };
		1D9EF86B1E94EF6400B35777 /* camera.png */ = {isa = PBXFileReference; lastKnownFileType = image.png; path = camera.png; sourceTree = "<group>"; };
		1D9EF86C1E94EF6400B35777 /* drawing.png */ = {isa = PBXFileReference; lastKnownFileType = image.png; path = drawing.png; sourceTree = "<group>"; };
		1D9EF86D1E94EF6400B35777 /* list.png */ = {isa = PBXFileReference; lastKnownFileType = image.png; path = list.png; sourceTree = "<group>"; };
		1D9EF86E1E94EF6400B35777 /* menu_button.png */ = {isa = PBXFileReference; lastKnownFileType = image.png; path = menu_button.png; sourceTree = "<group>"; };
		1D9EF86F1E94EF6400B35777 /* more.png */ = {isa = PBXFileReference; lastKnownFileType = image.png; path = more.png; sourceTree = "<group>"; };
		1D9EF8701E94EF6400B35777 /* plus.png */ = {isa = PBXFileReference; lastKnownFileType = image.png; path = plus.png; sourceTree = "<group>"; };
		1D9EF8721E94EF6400B35777 /* index.html */ = {isa = PBXFileReference; fileEncoding = 4; lastKnownFileType = text.html; path = index.html; sourceTree = "<group>"; };
		1D9EF87C1E94EF7700B35777 /* index.html */ = {isa = PBXFileReference; fileEncoding = 4; lastKnownFileType = text.html; path = index.html; sourceTree = "<group>"; };
		B506D9C71E8E3CBB00555F1D /* LayoutProvider.h */ = {isa = PBXFileReference; fileEncoding = 4; lastKnownFileType = sourcecode.c.h; path = LayoutProvider.h; sourceTree = "<group>"; };
		B506D9C81E8E3CBB00555F1D /* LayoutProvider.m */ = {isa = PBXFileReference; fileEncoding = 4; lastKnownFileType = sourcecode.c.objc; path = LayoutProvider.m; sourceTree = "<group>"; };
		B526CB561E939E4C00FF4FA8 /* LeftPanelViewController.h */ = {isa = PBXFileReference; fileEncoding = 4; lastKnownFileType = sourcecode.c.h; path = LeftPanelViewController.h; sourceTree = "<group>"; };
		B526CB571E939E4C00FF4FA8 /* LeftPanelViewController.m */ = {isa = PBXFileReference; fileEncoding = 4; lastKnownFileType = sourcecode.c.objc; path = LeftPanelViewController.m; sourceTree = "<group>"; };
		B526CB581E939E4C00FF4FA8 /* LeftPanelViewController.xib */ = {isa = PBXFileReference; fileEncoding = 4; lastKnownFileType = file.xib; path = LeftPanelViewController.xib; sourceTree = "<group>"; };
		B534C44D1E8D397700AD25F6 /* Defines.h */ = {isa = PBXFileReference; lastKnownFileType = sourcecode.c.h; path = Defines.h; sourceTree = "<group>"; };
		B534C4501E8D433300AD25F6 /* TableViewCell.h */ = {isa = PBXFileReference; fileEncoding = 4; lastKnownFileType = sourcecode.c.h; path = TableViewCell.h; sourceTree = "<group>"; };
		B534C4511E8D433300AD25F6 /* TableViewCell.m */ = {isa = PBXFileReference; fileEncoding = 4; lastKnownFileType = sourcecode.c.objc; path = TableViewCell.m; sourceTree = "<group>"; };
		B534C4521E8D433300AD25F6 /* TableViewCell.xib */ = {isa = PBXFileReference; fileEncoding = 4; lastKnownFileType = file.xib; path = TableViewCell.xib; sourceTree = "<group>"; };
		B5B8FB5E1E93C35200A82813 /* Notebook.h */ = {isa = PBXFileReference; fileEncoding = 4; lastKnownFileType = sourcecode.c.h; path = Notebook.h; sourceTree = "<group>"; };
		B5B8FB5F1E93C35200A82813 /* Notebook.m */ = {isa = PBXFileReference; fileEncoding = 4; lastKnownFileType = sourcecode.c.objc; path = Notebook.m; sourceTree = "<group>"; };
		B5B8FB611E93E46B00A82813 /* Reminder.h */ = {isa = PBXFileReference; fileEncoding = 4; lastKnownFileType = sourcecode.c.h; path = Reminder.h; sourceTree = "<group>"; };
		B5B8FB621E93E46B00A82813 /* Reminder.m */ = {isa = PBXFileReference; fileEncoding = 4; lastKnownFileType = sourcecode.c.objc; path = Reminder.m; sourceTree = "<group>"; };
		B5B8FB691E94C98100A82813 /* more.png */ = {isa = PBXFileReference; lastKnownFileType = image.png; path = more.png; sourceTree = "<group>"; };
		B5B8FB6B1E94D81D00A82813 /* DateTimeManager.h */ = {isa = PBXFileReference; fileEncoding = 4; lastKnownFileType = sourcecode.c.h; path = DateTimeManager.h; sourceTree = "<group>"; };
		B5B8FB6C1E94D81D00A82813 /* DateTimeManager.m */ = {isa = PBXFileReference; fileEncoding = 4; lastKnownFileType = sourcecode.c.objc; path = DateTimeManager.m; sourceTree = "<group>"; };
		B5EFB3471E8CFFD80024C211 /* Notes.app */ = {isa = PBXFileReference; explicitFileType = wrapper.application; includeInIndex = 0; path = Notes.app; sourceTree = BUILT_PRODUCTS_DIR; };
		B5EFB34B1E8CFFD80024C211 /* main.m */ = {isa = PBXFileReference; lastKnownFileType = sourcecode.c.objc; path = main.m; sourceTree = "<group>"; };
		B5EFB34D1E8CFFD80024C211 /* AppDelegate.h */ = {isa = PBXFileReference; lastKnownFileType = sourcecode.c.h; path = AppDelegate.h; sourceTree = "<group>"; };
		B5EFB34E1E8CFFD80024C211 /* AppDelegate.m */ = {isa = PBXFileReference; lastKnownFileType = sourcecode.c.objc; path = AppDelegate.m; sourceTree = "<group>"; };
		B5EFB3501E8CFFD80024C211 /* ViewController.h */ = {isa = PBXFileReference; lastKnownFileType = sourcecode.c.h; path = ViewController.h; sourceTree = "<group>"; };
		B5EFB3511E8CFFD80024C211 /* ViewController.m */ = {isa = PBXFileReference; lastKnownFileType = sourcecode.c.objc; path = ViewController.m; sourceTree = "<group>"; };
		B5EFB3561E8CFFD80024C211 /* Assets.xcassets */ = {isa = PBXFileReference; lastKnownFileType = folder.assetcatalog; path = Assets.xcassets; sourceTree = "<group>"; };
		B5EFB3591E8CFFD80024C211 /* Base */ = {isa = PBXFileReference; lastKnownFileType = file.storyboard; name = Base; path = Base.lproj/LaunchScreen.storyboard; sourceTree = "<group>"; };
		B5EFB35B1E8CFFD80024C211 /* Info.plist */ = {isa = PBXFileReference; lastKnownFileType = text.plist.xml; path = Info.plist; sourceTree = "<group>"; };
		B5EFB3601E8CFFD80024C211 /* NotesTests.xctest */ = {isa = PBXFileReference; explicitFileType = wrapper.cfbundle; includeInIndex = 0; path = NotesTests.xctest; sourceTree = BUILT_PRODUCTS_DIR; };
		B5EFB3641E8CFFD80024C211 /* NotesTests.m */ = {isa = PBXFileReference; lastKnownFileType = sourcecode.c.objc; path = NotesTests.m; sourceTree = "<group>"; };
		B5EFB3661E8CFFD80024C211 /* Info.plist */ = {isa = PBXFileReference; lastKnownFileType = text.plist.xml; path = Info.plist; sourceTree = "<group>"; };
		B5EFB36B1E8CFFD80024C211 /* NotesUITests.xctest */ = {isa = PBXFileReference; explicitFileType = wrapper.cfbundle; includeInIndex = 0; path = NotesUITests.xctest; sourceTree = BUILT_PRODUCTS_DIR; };
		B5EFB36F1E8CFFD80024C211 /* NotesUITests.m */ = {isa = PBXFileReference; lastKnownFileType = sourcecode.c.objc; path = NotesUITests.m; sourceTree = "<group>"; };
		B5EFB3711E8CFFD80024C211 /* Info.plist */ = {isa = PBXFileReference; lastKnownFileType = text.plist.xml; path = Info.plist; sourceTree = "<group>"; };
		B5EFB37D1E8D006F0024C211 /* ViewController.xib */ = {isa = PBXFileReference; fileEncoding = 4; lastKnownFileType = file.xib; path = ViewController.xib; sourceTree = "<group>"; };
/* End PBXFileReference section */

/* Begin PBXFrameworksBuildPhase section */
		B5EFB3441E8CFFD80024C211 /* Frameworks */ = {
			isa = PBXFrameworksBuildPhase;
			buildActionMask = 2147483647;
			files = (
			);
			runOnlyForDeploymentPostprocessing = 0;
		};
		B5EFB35D1E8CFFD80024C211 /* Frameworks */ = {
			isa = PBXFrameworksBuildPhase;
			buildActionMask = 2147483647;
			files = (
			);
			runOnlyForDeploymentPostprocessing = 0;
		};
		B5EFB3681E8CFFD80024C211 /* Frameworks */ = {
			isa = PBXFrameworksBuildPhase;
			buildActionMask = 2147483647;
			files = (
			);
			runOnlyForDeploymentPostprocessing = 0;
		};
/* End PBXFrameworksBuildPhase section */

/* Begin PBXGroup section */
		1D07C0D01E9251F900E85CAF /* Resources */ = {
			isa = PBXGroup;
			children = (
				1D9EF87B1E94EF7700B35777 /* Notes */,
				1D07C0D11E9251F900E85CAF /* Fonts */,
				1D07C0D31E9251F900E85CAF /* Images */,
			);
			path = Resources;
			sourceTree = "<group>";
		};
		1D07C0D11E9251F900E85CAF /* Fonts */ = {
			isa = PBXGroup;
			children = (
				1D07C0D21E9251F900E85CAF /* Calibri.ttf */,
			);
			path = Fonts;
			sourceTree = "<group>";
		};
		1D07C0D31E9251F900E85CAF /* Images */ = {
			isa = PBXGroup;
			children = (
				B5B8FB691E94C98100A82813 /* more.png */,
				1D07C0D41E9251F900E85CAF /* camera.png */,
				1D07C0D51E9251F900E85CAF /* drawing.png */,
				1D07C0D61E9251F900E85CAF /* list.png */,
				1D07C0D71E9251F900E85CAF /* menu_button.png */,
				1D07C0D81E9251F900E85CAF /* plus.png */,
			);
			path = Images;
			sourceTree = "<group>";
		};
		1D9EF8671E94EF6400B35777 /* Resources */ = {
			isa = PBXGroup;
			children = (
				1D9EF8681E94EF6400B35777 /* Fonts */,
				1D9EF86A1E94EF6400B35777 /* Images */,
				1D9EF8711E94EF6400B35777 /* Notes */,
			);
			path = Resources;
			sourceTree = "<group>";
		};
		1D9EF8681E94EF6400B35777 /* Fonts */ = {
			isa = PBXGroup;
			children = (
				1D9EF8691E94EF6400B35777 /* Calibri.ttf */,
			);
			path = Fonts;
			sourceTree = "<group>";
		};
		1D9EF86A1E94EF6400B35777 /* Images */ = {
			isa = PBXGroup;
			children = (
				1D9EF86B1E94EF6400B35777 /* camera.png */,
				1D9EF86C1E94EF6400B35777 /* drawing.png */,
				1D9EF86D1E94EF6400B35777 /* list.png */,
				1D9EF86E1E94EF6400B35777 /* menu_button.png */,
				1D9EF86F1E94EF6400B35777 /* more.png */,
				1D9EF8701E94EF6400B35777 /* plus.png */,
			);
			path = Images;
			sourceTree = "<group>";
		};
		1D9EF8711E94EF6400B35777 /* Notes */ = {
			isa = PBXGroup;
			children = (
				1D9EF8721E94EF6400B35777 /* index.html */,
			);
			path = Notes;
			sourceTree = "<group>";
		};
		1D9EF87B1E94EF7700B35777 /* Notes */ = {
			isa = PBXGroup;
			children = (
				1D9EF87C1E94EF7700B35777 /* index.html */,
			);
			path = Notes;
			sourceTree = "<group>";
		};
		B5B8FB661E93E64400A82813 /* ViewControllers */ = {
			isa = PBXGroup;
			children = (
				B5EFB3501E8CFFD80024C211 /* ViewController.h */,
				B5EFB3511E8CFFD80024C211 /* ViewController.m */,
				B5EFB37D1E8D006F0024C211 /* ViewController.xib */,
				B526CB561E939E4C00FF4FA8 /* LeftPanelViewController.h */,
				B526CB571E939E4C00FF4FA8 /* LeftPanelViewController.m */,
				B526CB581E939E4C00FF4FA8 /* LeftPanelViewController.xib */,
				1D4056011E8D1E5000E18D05 /* NoteCreationController.h */,
				1D4056021E8D1E5000E18D05 /* NoteCreationController.m */,
				1D4056031E8D1E5000E18D05 /* NoteCreationController.xib */,
			);
			name = ViewControllers;
			sourceTree = "<group>";
		};
		B5B8FB671E93E64D00A82813 /* Models */ = {
			isa = PBXGroup;
			children = (
				1D9EF8671E94EF6400B35777 /* Resources */,
				B5B8FB5E1E93C35200A82813 /* Notebook.h */,
				B5B8FB5F1E93C35200A82813 /* Notebook.m */,
				B5B8FB611E93E46B00A82813 /* Reminder.h */,
				B5B8FB621E93E46B00A82813 /* Reminder.m */,
				1D4056061E8D360600E18D05 /* Note.h */,
				1D4056071E8D360600E18D05 /* Note.m */,
			);
			name = Models;
			sourceTree = "<group>";
		};
		B5B8FB681E93E67200A82813 /* Views */ = {
			isa = PBXGroup;
			children = (
				B534C4501E8D433300AD25F6 /* TableViewCell.h */,
				B534C4511E8D433300AD25F6 /* TableViewCell.m */,
				B534C4521E8D433300AD25F6 /* TableViewCell.xib */,
			);
			name = Views;
			sourceTree = "<group>";
		};
		B5B8FB6E1E94DC9F00A82813 /* Utils */ = {
			isa = PBXGroup;
			children = (
				B506D9C71E8E3CBB00555F1D /* LayoutProvider.h */,
				B506D9C81E8E3CBB00555F1D /* LayoutProvider.m */,
				B5B8FB6B1E94D81D00A82813 /* DateTimeManager.h */,
				B5B8FB6C1E94D81D00A82813 /* DateTimeManager.m */,
			);
			name = Utils;
			sourceTree = "<group>";
		};
		B5EFB33E1E8CFFD80024C211 = {
			isa = PBXGroup;
			children = (
				B5EFB3491E8CFFD80024C211 /* Notes */,
				B5EFB3631E8CFFD80024C211 /* NotesTests */,
				B5EFB36E1E8CFFD80024C211 /* NotesUITests */,
				B5EFB3481E8CFFD80024C211 /* Products */,
			);
			sourceTree = "<group>";
		};
		B5EFB3481E8CFFD80024C211 /* Products */ = {
			isa = PBXGroup;
			children = (
				B5EFB3471E8CFFD80024C211 /* Notes.app */,
				B5EFB3601E8CFFD80024C211 /* NotesTests.xctest */,
				B5EFB36B1E8CFFD80024C211 /* NotesUITests.xctest */,
			);
			name = Products;
			sourceTree = "<group>";
		};
		B5EFB3491E8CFFD80024C211 /* Notes */ = {
			isa = PBXGroup;
			children = (
				B5EFB34D1E8CFFD80024C211 /* AppDelegate.h */,
				B5EFB34E1E8CFFD80024C211 /* AppDelegate.m */,
				B5EFB3561E8CFFD80024C211 /* Assets.xcassets */,
				B534C44D1E8D397700AD25F6 /* Defines.h */,
				B5EFB35B1E8CFFD80024C211 /* Info.plist */,
				B5EFB3581E8CFFD80024C211 /* LaunchScreen.storyboard */,
				B5B8FB671E93E64D00A82813 /* Models */,
				1D07C0D01E9251F900E85CAF /* Resources */,
				B5EFB34A1E8CFFD80024C211 /* Supporting Files */,
				B5B8FB6E1E94DC9F00A82813 /* Utils */,
				B5B8FB661E93E64400A82813 /* ViewControllers */,
				B5B8FB681E93E67200A82813 /* Views */,
			);
			path = Notes;
			sourceTree = "<group>";
		};
		B5EFB34A1E8CFFD80024C211 /* Supporting Files */ = {
			isa = PBXGroup;
			children = (
				B5EFB34B1E8CFFD80024C211 /* main.m */,
			);
			name = "Supporting Files";
			sourceTree = "<group>";
		};
		B5EFB3631E8CFFD80024C211 /* NotesTests */ = {
			isa = PBXGroup;
			children = (
				B5EFB3641E8CFFD80024C211 /* NotesTests.m */,
				B5EFB3661E8CFFD80024C211 /* Info.plist */,
			);
			path = NotesTests;
			sourceTree = "<group>";
		};
		B5EFB36E1E8CFFD80024C211 /* NotesUITests */ = {
			isa = PBXGroup;
			children = (
				B5EFB36F1E8CFFD80024C211 /* NotesUITests.m */,
				B5EFB3711E8CFFD80024C211 /* Info.plist */,
			);
			path = NotesUITests;
			sourceTree = "<group>";
		};
/* End PBXGroup section */

/* Begin PBXNativeTarget section */
		B5EFB3461E8CFFD80024C211 /* Notes */ = {
			isa = PBXNativeTarget;
			buildConfigurationList = B5EFB3741E8CFFD80024C211 /* Build configuration list for PBXNativeTarget "Notes" */;
			buildPhases = (
				B5EFB3431E8CFFD80024C211 /* Sources */,
				B5EFB3441E8CFFD80024C211 /* Frameworks */,
				B5EFB3451E8CFFD80024C211 /* Resources */,
			);
			buildRules = (
			);
			dependencies = (
			);
			name = Notes;
			productName = Notes;
			productReference = B5EFB3471E8CFFD80024C211 /* Notes.app */;
			productType = "com.apple.product-type.application";
		};
		B5EFB35F1E8CFFD80024C211 /* NotesTests */ = {
			isa = PBXNativeTarget;
			buildConfigurationList = B5EFB3771E8CFFD80024C211 /* Build configuration list for PBXNativeTarget "NotesTests" */;
			buildPhases = (
				B5EFB35C1E8CFFD80024C211 /* Sources */,
				B5EFB35D1E8CFFD80024C211 /* Frameworks */,
				B5EFB35E1E8CFFD80024C211 /* Resources */,
			);
			buildRules = (
			);
			dependencies = (
				B5EFB3621E8CFFD80024C211 /* PBXTargetDependency */,
			);
			name = NotesTests;
			productName = NotesTests;
			productReference = B5EFB3601E8CFFD80024C211 /* NotesTests.xctest */;
			productType = "com.apple.product-type.bundle.unit-test";
		};
		B5EFB36A1E8CFFD80024C211 /* NotesUITests */ = {
			isa = PBXNativeTarget;
			buildConfigurationList = B5EFB37A1E8CFFD80024C211 /* Build configuration list for PBXNativeTarget "NotesUITests" */;
			buildPhases = (
				B5EFB3671E8CFFD80024C211 /* Sources */,
				B5EFB3681E8CFFD80024C211 /* Frameworks */,
				B5EFB3691E8CFFD80024C211 /* Resources */,
			);
			buildRules = (
			);
			dependencies = (
				B5EFB36D1E8CFFD80024C211 /* PBXTargetDependency */,
			);
			name = NotesUITests;
			productName = NotesUITests;
			productReference = B5EFB36B1E8CFFD80024C211 /* NotesUITests.xctest */;
			productType = "com.apple.product-type.bundle.ui-testing";
		};
/* End PBXNativeTarget section */

/* Begin PBXProject section */
		B5EFB33F1E8CFFD80024C211 /* Project object */ = {
			isa = PBXProject;
			attributes = {
				LastUpgradeCheck = 0820;
				ORGANIZATIONNAME = "Nemetschek DreamTeam";
				TargetAttributes = {
					B5EFB3461E8CFFD80024C211 = {
						CreatedOnToolsVersion = 8.2.1;
						ProvisioningStyle = Automatic;
					};
					B5EFB35F1E8CFFD80024C211 = {
						CreatedOnToolsVersion = 8.2.1;
						ProvisioningStyle = Automatic;
						TestTargetID = B5EFB3461E8CFFD80024C211;
					};
					B5EFB36A1E8CFFD80024C211 = {
						CreatedOnToolsVersion = 8.2.1;
						ProvisioningStyle = Automatic;
						TestTargetID = B5EFB3461E8CFFD80024C211;
					};
				};
			};
			buildConfigurationList = B5EFB3421E8CFFD80024C211 /* Build configuration list for PBXProject "Notes" */;
			compatibilityVersion = "Xcode 3.2";
			developmentRegion = English;
			hasScannedForEncodings = 0;
			knownRegions = (
				en,
				Base,
			);
			mainGroup = B5EFB33E1E8CFFD80024C211;
			productRefGroup = B5EFB3481E8CFFD80024C211 /* Products */;
			projectDirPath = "";
			projectRoot = "";
			targets = (
				B5EFB3461E8CFFD80024C211 /* Notes */,
				B5EFB35F1E8CFFD80024C211 /* NotesTests */,
				B5EFB36A1E8CFFD80024C211 /* NotesUITests */,
			);
		};
/* End PBXProject section */

/* Begin PBXResourcesBuildPhase section */
		B5EFB3451E8CFFD80024C211 /* Resources */ = {
			isa = PBXResourcesBuildPhase;
			buildActionMask = 2147483647;
			files = (
				1D9EF87A1E94EF6400B35777 /* index.html in Resources */,
				1D9EF87D1E94EF7700B35777 /* index.html in Resources */,
				B5EFB35A1E8CFFD80024C211 /* LaunchScreen.storyboard in Resources */,
				B5B8FB6A1E94C98100A82813 /* more.png in Resources */,
				1D9EF8761E94EF6400B35777 /* list.png in Resources */,
				1D07C0DA1E9251F900E85CAF /* camera.png in Resources */,
				1D07C0DD1E9251F900E85CAF /* menu_button.png in Resources */,
				1D9EF8741E94EF6400B35777 /* camera.png in Resources */,
				1D07C0DC1E9251F900E85CAF /* list.png in Resources */,
				1D07C0DB1E9251F900E85CAF /* drawing.png in Resources */,
				1D9EF8771E94EF6400B35777 /* menu_button.png in Resources */,
				1D07C0D91E9251F900E85CAF /* Calibri.ttf in Resources */,
				B534C4541E8D433300AD25F6 /* TableViewCell.xib in Resources */,
				1D9EF8791E94EF6400B35777 /* plus.png in Resources */,
				B526CB5A1E939E4C00FF4FA8 /* LeftPanelViewController.xib in Resources */,
				1D9EF8781E94EF6400B35777 /* more.png in Resources */,
				1D9EF8751E94EF6400B35777 /* drawing.png in Resources */,
				B5EFB37E1E8D006F0024C211 /* ViewController.xib in Resources */,
				1D07C0DE1E9251F900E85CAF /* plus.png in Resources */,
				1D9EF8731E94EF6400B35777 /* Calibri.ttf in Resources */,
				1D4056051E8D1E5000E18D05 /* NoteCreationController.xib in Resources */,
				B5EFB3571E8CFFD80024C211 /* Assets.xcassets in Resources */,
			);
			runOnlyForDeploymentPostprocessing = 0;
		};
		B5EFB35E1E8CFFD80024C211 /* Resources */ = {
			isa = PBXResourcesBuildPhase;
			buildActionMask = 2147483647;
			files = (
			);
			runOnlyForDeploymentPostprocessing = 0;
		};
		B5EFB3691E8CFFD80024C211 /* Resources */ = {
			isa = PBXResourcesBuildPhase;
			buildActionMask = 2147483647;
			files = (
			);
			runOnlyForDeploymentPostprocessing = 0;
		};
/* End PBXResourcesBuildPhase section */

/* Begin PBXSourcesBuildPhase section */
		B5EFB3431E8CFFD80024C211 /* Sources */ = {
			isa = PBXSourcesBuildPhase;
			buildActionMask = 2147483647;
			files = (
				B506D9C91E8E3CBB00555F1D /* LayoutProvider.m in Sources */,
				1D4056081E8D360600E18D05 /* Note.m in Sources */,
				B5B8FB601E93C35200A82813 /* Notebook.m in Sources */,
				B5EFB3521E8CFFD80024C211 /* ViewController.m in Sources */,
				B534C4531E8D433300AD25F6 /* TableViewCell.m in Sources */,
				B5EFB34F1E8CFFD80024C211 /* AppDelegate.m in Sources */,
				B5B8FB6D1E94D81D00A82813 /* DateTimeManager.m in Sources */,
				1D4056041E8D1E5000E18D05 /* NoteCreationController.m in Sources */,
				B526CB591E939E4C00FF4FA8 /* LeftPanelViewController.m in Sources */,
				B5EFB34C1E8CFFD80024C211 /* main.m in Sources */,
				B5B8FB631E93E46B00A82813 /* Reminder.m in Sources */,
			);
			runOnlyForDeploymentPostprocessing = 0;
		};
		B5EFB35C1E8CFFD80024C211 /* Sources */ = {
			isa = PBXSourcesBuildPhase;
			buildActionMask = 2147483647;
			files = (
				B5EFB3651E8CFFD80024C211 /* NotesTests.m in Sources */,
			);
			runOnlyForDeploymentPostprocessing = 0;
		};
		B5EFB3671E8CFFD80024C211 /* Sources */ = {
			isa = PBXSourcesBuildPhase;
			buildActionMask = 2147483647;
			files = (
				B5EFB3701E8CFFD80024C211 /* NotesUITests.m in Sources */,
			);
			runOnlyForDeploymentPostprocessing = 0;
		};
/* End PBXSourcesBuildPhase section */

/* Begin PBXTargetDependency section */
		B5EFB3621E8CFFD80024C211 /* PBXTargetDependency */ = {
			isa = PBXTargetDependency;
			target = B5EFB3461E8CFFD80024C211 /* Notes */;
			targetProxy = B5EFB3611E8CFFD80024C211 /* PBXContainerItemProxy */;
		};
		B5EFB36D1E8CFFD80024C211 /* PBXTargetDependency */ = {
			isa = PBXTargetDependency;
			target = B5EFB3461E8CFFD80024C211 /* Notes */;
			targetProxy = B5EFB36C1E8CFFD80024C211 /* PBXContainerItemProxy */;
		};
/* End PBXTargetDependency section */

/* Begin PBXVariantGroup section */
		B5EFB3581E8CFFD80024C211 /* LaunchScreen.storyboard */ = {
			isa = PBXVariantGroup;
			children = (
				B5EFB3591E8CFFD80024C211 /* Base */,
			);
			name = LaunchScreen.storyboard;
			sourceTree = "<group>";
		};
/* End PBXVariantGroup section */

/* Begin XCBuildConfiguration section */
		B5EFB3721E8CFFD80024C211 /* Debug */ = {
			isa = XCBuildConfiguration;
			buildSettings = {
				ALWAYS_SEARCH_USER_PATHS = NO;
				CLANG_ANALYZER_NONNULL = YES;
				CLANG_CXX_LANGUAGE_STANDARD = "gnu++0x";
				CLANG_CXX_LIBRARY = "libc++";
				CLANG_ENABLE_MODULES = YES;
				CLANG_ENABLE_OBJC_ARC = YES;
				CLANG_WARN_BOOL_CONVERSION = YES;
				CLANG_WARN_CONSTANT_CONVERSION = YES;
				CLANG_WARN_DIRECT_OBJC_ISA_USAGE = YES_ERROR;
				CLANG_WARN_DOCUMENTATION_COMMENTS = YES;
				CLANG_WARN_EMPTY_BODY = YES;
				CLANG_WARN_ENUM_CONVERSION = YES;
				CLANG_WARN_INFINITE_RECURSION = YES;
				CLANG_WARN_INT_CONVERSION = YES;
				CLANG_WARN_OBJC_ROOT_CLASS = YES_ERROR;
				CLANG_WARN_SUSPICIOUS_MOVE = YES;
				CLANG_WARN_UNREACHABLE_CODE = YES;
				CLANG_WARN__DUPLICATE_METHOD_MATCH = YES;
				"CODE_SIGN_IDENTITY[sdk=iphoneos*]" = "iPhone Developer";
				COPY_PHASE_STRIP = NO;
				DEBUG_INFORMATION_FORMAT = dwarf;
				ENABLE_STRICT_OBJC_MSGSEND = YES;
				ENABLE_TESTABILITY = YES;
				GCC_C_LANGUAGE_STANDARD = gnu99;
				GCC_DYNAMIC_NO_PIC = NO;
				GCC_NO_COMMON_BLOCKS = YES;
				GCC_OPTIMIZATION_LEVEL = 0;
				GCC_PREPROCESSOR_DEFINITIONS = (
					"DEBUG=1",
					"$(inherited)",
				);
				GCC_WARN_64_TO_32_BIT_CONVERSION = YES;
				GCC_WARN_ABOUT_RETURN_TYPE = YES_ERROR;
				GCC_WARN_UNDECLARED_SELECTOR = YES;
				GCC_WARN_UNINITIALIZED_AUTOS = YES_AGGRESSIVE;
				GCC_WARN_UNUSED_FUNCTION = YES;
				GCC_WARN_UNUSED_VARIABLE = YES;
				IPHONEOS_DEPLOYMENT_TARGET = 10.2;
				MTL_ENABLE_DEBUG_INFO = YES;
				ONLY_ACTIVE_ARCH = YES;
				SDKROOT = iphoneos;
				TARGETED_DEVICE_FAMILY = "1,2";
			};
			name = Debug;
		};
		B5EFB3731E8CFFD80024C211 /* Release */ = {
			isa = XCBuildConfiguration;
			buildSettings = {
				ALWAYS_SEARCH_USER_PATHS = NO;
				CLANG_ANALYZER_NONNULL = YES;
				CLANG_CXX_LANGUAGE_STANDARD = "gnu++0x";
				CLANG_CXX_LIBRARY = "libc++";
				CLANG_ENABLE_MODULES = YES;
				CLANG_ENABLE_OBJC_ARC = YES;
				CLANG_WARN_BOOL_CONVERSION = YES;
				CLANG_WARN_CONSTANT_CONVERSION = YES;
				CLANG_WARN_DIRECT_OBJC_ISA_USAGE = YES_ERROR;
				CLANG_WARN_DOCUMENTATION_COMMENTS = YES;
				CLANG_WARN_EMPTY_BODY = YES;
				CLANG_WARN_ENUM_CONVERSION = YES;
				CLANG_WARN_INFINITE_RECURSION = YES;
				CLANG_WARN_INT_CONVERSION = YES;
				CLANG_WARN_OBJC_ROOT_CLASS = YES_ERROR;
				CLANG_WARN_SUSPICIOUS_MOVE = YES;
				CLANG_WARN_UNREACHABLE_CODE = YES;
				CLANG_WARN__DUPLICATE_METHOD_MATCH = YES;
				"CODE_SIGN_IDENTITY[sdk=iphoneos*]" = "iPhone Developer";
				COPY_PHASE_STRIP = NO;
				DEBUG_INFORMATION_FORMAT = "dwarf-with-dsym";
				ENABLE_NS_ASSERTIONS = NO;
				ENABLE_STRICT_OBJC_MSGSEND = YES;
				GCC_C_LANGUAGE_STANDARD = gnu99;
				GCC_NO_COMMON_BLOCKS = YES;
				GCC_WARN_64_TO_32_BIT_CONVERSION = YES;
				GCC_WARN_ABOUT_RETURN_TYPE = YES_ERROR;
				GCC_WARN_UNDECLARED_SELECTOR = YES;
				GCC_WARN_UNINITIALIZED_AUTOS = YES_AGGRESSIVE;
				GCC_WARN_UNUSED_FUNCTION = YES;
				GCC_WARN_UNUSED_VARIABLE = YES;
				IPHONEOS_DEPLOYMENT_TARGET = 10.2;
				MTL_ENABLE_DEBUG_INFO = NO;
				SDKROOT = iphoneos;
				TARGETED_DEVICE_FAMILY = "1,2";
				VALIDATE_PRODUCT = YES;
			};
			name = Release;
		};
		B5EFB3751E8CFFD80024C211 /* Debug */ = {
			isa = XCBuildConfiguration;
			buildSettings = {
				ASSETCATALOG_COMPILER_APPICON_NAME = AppIcon;
				INFOPLIST_FILE = Notes/Info.plist;
				LD_RUNPATH_SEARCH_PATHS = "$(inherited) @executable_path/Frameworks";
				PRODUCT_BUNDLE_IDENTIFIER = com.nemetschek.bg.Notes;
				PRODUCT_NAME = "$(TARGET_NAME)";
			};
			name = Debug;
		};
		B5EFB3761E8CFFD80024C211 /* Release */ = {
			isa = XCBuildConfiguration;
			buildSettings = {
				ASSETCATALOG_COMPILER_APPICON_NAME = AppIcon;
				INFOPLIST_FILE = Notes/Info.plist;
				LD_RUNPATH_SEARCH_PATHS = "$(inherited) @executable_path/Frameworks";
				PRODUCT_BUNDLE_IDENTIFIER = com.nemetschek.bg.Notes;
				PRODUCT_NAME = "$(TARGET_NAME)";
			};
			name = Release;
		};
		B5EFB3781E8CFFD80024C211 /* Debug */ = {
			isa = XCBuildConfiguration;
			buildSettings = {
				BUNDLE_LOADER = "$(TEST_HOST)";
				INFOPLIST_FILE = NotesTests/Info.plist;
				LD_RUNPATH_SEARCH_PATHS = "$(inherited) @executable_path/Frameworks @loader_path/Frameworks";
				PRODUCT_BUNDLE_IDENTIFIER = com.nemetschek.bg.NotesTests;
				PRODUCT_NAME = "$(TARGET_NAME)";
				TEST_HOST = "$(BUILT_PRODUCTS_DIR)/Notes.app/Notes";
			};
			name = Debug;
		};
		B5EFB3791E8CFFD80024C211 /* Release */ = {
			isa = XCBuildConfiguration;
			buildSettings = {
				BUNDLE_LOADER = "$(TEST_HOST)";
				INFOPLIST_FILE = NotesTests/Info.plist;
				LD_RUNPATH_SEARCH_PATHS = "$(inherited) @executable_path/Frameworks @loader_path/Frameworks";
				PRODUCT_BUNDLE_IDENTIFIER = com.nemetschek.bg.NotesTests;
				PRODUCT_NAME = "$(TARGET_NAME)";
				TEST_HOST = "$(BUILT_PRODUCTS_DIR)/Notes.app/Notes";
			};
			name = Release;
		};
		B5EFB37B1E8CFFD80024C211 /* Debug */ = {
			isa = XCBuildConfiguration;
			buildSettings = {
				INFOPLIST_FILE = NotesUITests/Info.plist;
				LD_RUNPATH_SEARCH_PATHS = "$(inherited) @executable_path/Frameworks @loader_path/Frameworks";
				PRODUCT_BUNDLE_IDENTIFIER = com.nemetschek.bg.NotesUITests;
				PRODUCT_NAME = "$(TARGET_NAME)";
				TEST_TARGET_NAME = Notes;
			};
			name = Debug;
		};
		B5EFB37C1E8CFFD80024C211 /* Release */ = {
			isa = XCBuildConfiguration;
			buildSettings = {
				INFOPLIST_FILE = NotesUITests/Info.plist;
				LD_RUNPATH_SEARCH_PATHS = "$(inherited) @executable_path/Frameworks @loader_path/Frameworks";
				PRODUCT_BUNDLE_IDENTIFIER = com.nemetschek.bg.NotesUITests;
				PRODUCT_NAME = "$(TARGET_NAME)";
				TEST_TARGET_NAME = Notes;
			};
			name = Release;
		};
/* End XCBuildConfiguration section */

/* Begin XCConfigurationList section */
		B5EFB3421E8CFFD80024C211 /* Build configuration list for PBXProject "Notes" */ = {
			isa = XCConfigurationList;
			buildConfigurations = (
				B5EFB3721E8CFFD80024C211 /* Debug */,
				B5EFB3731E8CFFD80024C211 /* Release */,
			);
			defaultConfigurationIsVisible = 0;
			defaultConfigurationName = Release;
		};
		B5EFB3741E8CFFD80024C211 /* Build configuration list for PBXNativeTarget "Notes" */ = {
			isa = XCConfigurationList;
			buildConfigurations = (
				B5EFB3751E8CFFD80024C211 /* Debug */,
				B5EFB3761E8CFFD80024C211 /* Release */,
			);
			defaultConfigurationIsVisible = 0;
			defaultConfigurationName = Release;
		};
		B5EFB3771E8CFFD80024C211 /* Build configuration list for PBXNativeTarget "NotesTests" */ = {
			isa = XCConfigurationList;
			buildConfigurations = (
				B5EFB3781E8CFFD80024C211 /* Debug */,
				B5EFB3791E8CFFD80024C211 /* Release */,
			);
			defaultConfigurationIsVisible = 0;
			defaultConfigurationName = Release;
		};
		B5EFB37A1E8CFFD80024C211 /* Build configuration list for PBXNativeTarget "NotesUITests" */ = {
			isa = XCConfigurationList;
			buildConfigurations = (
				B5EFB37B1E8CFFD80024C211 /* Debug */,
				B5EFB37C1E8CFFD80024C211 /* Release */,
			);
			defaultConfigurationIsVisible = 0;
			defaultConfigurationName = Release;
		};
/* End XCConfigurationList section */
	};
	rootObject = B5EFB33F1E8CFFD80024C211 /* Project object */;
}
